{
  "version": 1,
  "dependencies": {
    "net9.0": {
      "Flurl.Http": {
        "type": "Direct",
        "requested": "[4.0.2, )",
        "resolved": "4.0.2",
        "contentHash": "9vCqFFyceA11yplkFD8AbCFFTvG1Lrw3tpsgOpL5sLUc28p6zcvGszNleuT6nDymRvtt5eS+rqUX+bRztg1fhA==",
        "dependencies": {
          "Flurl": "4.0.0"
        }
      },
      "Microsoft.Extensions.Options": {
        "type": "Direct",
        "requested": "[10.0.8, )",
        "resolved": "10.0.8",
        "contentHash": "VBD+131DpTNCNDfA4kIyKTiCySvJGNhwibdWBSdFRu7GMfXLXcXODkgA+KStKbbhzraLglZWUN4nXyHgW4JIRA==",
        "dependencies": {
          "Microsoft.Extensions.DependencyInjection.Abstractions": "10.0.8",
          "Microsoft.Extensions.Primitives": "10.0.8"
        }
      },
      "Polly": {
        "type": "Direct",
        "requested": "[8.6.4, )",
        "resolved": "8.6.4",
        "contentHash": "uuBsDoBw0oYrMe3uTWRjkT2sIkKh+ZZnnDrLb4Z+QANfeA4+7FJacx6E8CY5GAxXRoSgFrvUADEAQ7DPF6fGiw==",
        "dependencies": {
          "Polly.Core": "8.6.4"
        }
      },
      "Pulumi": {
        "type": "Direct",
        "requested": "[3.38.0, )",
        "resolved": "3.38.0",
        "contentHash": "0baiin6DnnCM/yEZj+e/KBYpHocuKkFvbRHHIFQMnBfkQUw/B+XMXRLR25k8lfgffE95lm2ucBnedlS2y2XHuA==",
        "dependencies": {
          "Ben.Demystifier": "0.4.1",
          "Grpc.Net.Client": "2.43.0",
          "Microsoft.Extensions.Logging.Abstractions": "3.1.16",
          "OneOf": "3.0.216",
          "Pulumi.Protobuf": "3.20.1",
          "Serilog.Extensions.Logging": "3.0.1",
          "Serilog.Sinks.Console": "4.0.1",
          "semver": "2.1.0"
        }
      },
      "Pulumi.Aws": {
        "type": "Direct",
        "requested": "[5.11.0, )",
        "resolved": "5.11.0",
        "contentHash": "EH00hqIAlroIIb+TR07i8CAFhbgTdmQrzwdep8kMFVGwhhRhdk1S1X3TtWKx7dWW6OP00Yff/dWbtDozTTEtVg==",
        "dependencies": {
          "Pulumi": "3.38.0"
        }
      },
      "Pulumi.Kubernetes": {
        "type": "Direct",
        "requested": "[3.20.5, )",
        "resolved": "3.20.5",
        "contentHash": "9Buu+YQrnwcVEARSQfV30QjILW9QBu11wHlnwUOmHGUTFOvnDmKOWc/4QbFxYVERzcn5VpVevSjE+wJkizi/0w==",
        "dependencies": {
          "Glob": "1.1.5",
          "Pulumi": "3.37.2"
        }
      },
      "Pulumi.Random": {
        "type": "Direct",
        "requested": "[4.8.2, )",
        "resolved": "4.8.2",
        "contentHash": "6tRMMnLGkvEFk89FE76iQ3IpCbjBHAShbrjxaOlWfOpJ3wuGeyQou+vlH8HDEruA315QxGnGNlYkBMslIQ1diw==",
        "dependencies": {
          "Pulumi": "3.38.0"
        }
      },
      "Ben.Demystifier": {
        "type": "Transitive",
        "resolved": "0.4.1",
        "contentHash": "axFeEMfmEORy3ipAzOXG/lE+KcNptRbei3F0C4kQCdeiQtW+qJW90K5iIovITGrdLt8AjhNCwk5qLSX9/rFpoA==",
        "dependencies": {
          "System.Reflection.Metadata": "5.0.0"
        }
      },
      "FluentValidation": {
        "type": "Transitive",
        "resolved": "12.0.0",
        "contentHash": "8NVLxtMUXynRHJIX3Hn1ACovaqZIJASufXIIFkD0EUbcd5PmMsL1xUD5h548gCezJ5BzlITaR9CAMrGe29aWpA=="
      },
      "Flurl": {
        "type": "Transitive",
        "resolved": "4.0.0",
        "contentHash": "rpts69yYgvJqg6PPgqShBQEZ4aNzWQqWpWppcT0oDWxDCIsBqiod4pj6LQZdhk+1OozLFagemldMRACdHF3CsA=="
      },
      "Glob": {
        "type": "Transitive",
        "resolved": "1.1.5",
        "contentHash": "N1kGneRrxfXn933JAIB61LCGPu+WEbr+qObpGqNNw125nQbuGusoBLe6skj7D0Zyjzhmrc2IdEx32ijYEdGdEA=="
      },
      "Grpc.Core.Api": {
        "type": "Transitive",
        "resolved": "2.43.0",
        "contentHash": "mikPMVE2I1AaNde1JQvR3ud8HsUmpeA4blqTt4SfCnDSNVN1GCd2UUEZsiID4MRPUzXwflMYl7/HhFytb6d+Ww==",
        "dependencies": {
          "System.Memory": "4.5.3"
        }
      },
      "Grpc.Net.Client": {
        "type": "Transitive",
        "resolved": "2.43.0",
        "contentHash": "ZhkxEOT3YPsJufsSYwIixwnPyZbjy3xOZgO61J2ZwEby3StwBDFQ5eHoxSjNVSpOP+ax8WMbgbmZfzjO+hBW8A==",
        "dependencies": {
          "Grpc.Net.Common": "2.43.0",
          "Microsoft.Extensions.Logging.Abstractions": "3.0.3"
        }
      },
      "Grpc.Net.Common": {
        "type": "Transitive",
        "resolved": "2.43.0",
        "contentHash": "kt0Hb1N1tlb5UdN17bTHEPNbKP3LUHEZQSKD47etAVI5KLDtmVGO4YsUGM/krrNMwHRjhUCy0EhUU8uVMc3upA==",
        "dependencies": {
          "Grpc.Core.Api": "2.43.0"
        }
      },
      "Microsoft.Extensions.DependencyInjection.Abstractions": {
        "type": "Transitive",
        "resolved": "10.0.8",
        "contentHash": "21nbDV60SRPWGIivsyl6lqBeEJNG1sginhhfWgRrr3Ais7aQ12To25OAHQxgoiJkjqy1aQ6RxpZBGYuTi7Ge6A=="
      },
      "Microsoft.Extensions.Logging": {
        "type": "Transitive",
        "resolved": "2.0.0",
        "contentHash": "VP10syWV/vxYYMKgZ2eDESmUsz3gPxvBn5J6tkVN8lI4M+dF43RN8fWsEPbcAneDmZrHl3Pv23z05nmyGkJlpg==",
        "dependencies": {
          "Microsoft.Extensions.DependencyInjection.Abstractions": "2.0.0",
          "Microsoft.Extensions.Logging.Abstractions": "2.0.0",
          "Microsoft.Extensions.Options": "2.0.0"
        }
      },
      "Microsoft.Extensions.Logging.Abstractions": {
        "type": "Transitive",
        "resolved": "10.0.8",
        "contentHash": "fdVadZmsC8jRP0KvKy8mO8f6GV/HyBvElfcSxEhd+5FM5boAw/01iSaCto5G3G37ApJira4A3pNaVvBv8cUiLQ==",
        "dependencies": {
          "Microsoft.Extensions.DependencyInjection.Abstractions": "10.0.8",
          "System.Diagnostics.DiagnosticSource": "10.0.8"
        }
      },
      "Microsoft.Extensions.Primitives": {
        "type": "Transitive",
        "resolved": "10.0.8",
        "contentHash": "OBPo4nYhMyIbtueoC10CBm6AGAbo/A9IV8QQ/6ryZS7VvmqpGT7hunazeHLxFawRzn3oLOq4jhqhpBX4tfswWQ=="
      },
      "OneOf": {
        "type": "Transitive",
        "resolved": "3.0.216",
        "contentHash": "hvSxx7O9Z50ZK/HZaqxcEiO1skihnHcsziy0cVRqSq7LrETM9swcRcMZuG+0irai7jq8FYYCHTrB/pSHSah6ug=="
      },
      "Polly.Core": {
        "type": "Transitive",
        "resolved": "8.6.4",
        "contentHash": "4AWqYnQ2TME0E+Mzovt1Uu+VyvpR84ymUldMcPw7Mbj799Phaag14CKrMtlJGx5jsvYP+S3oR1QmysgmXoD5cw=="
      },
      "Pulumi.Protobuf": {
        "type": "Transitive",
        "resolved": "3.20.1",
        "contentHash": "5U/MY7jYmhAPWDicmKErhO52HzQDZMlH7cQ674xEi1BvnMNq+RpHUpzKebDFzctPR9K5xPhMWhn8K56EM/BciA=="
      },
      "Scriban": {
        "type": "Transitive",
        "resolved": "7.2.1",
        "contentHash": "5Jw6PyOiY6RBhC5XgtZbOO6ZbZOXlqUDS35IVhLdAPRZHclf3iW35Tdh4FCw1/gNCJ9ia1CGVQabypGPYVThbw=="
      },
      "Semver": {
        "type": "Transitive",
        "resolved": "2.1.0",
        "contentHash": "1jUT0PwgKO9d9F/X2n762qLp7v/30OpMtJPFRtmjPXUX2/J0lnqiGiSJNNsW3yYTj5StF0Z1yE36TrvtGpcbrg=="
      },
      "Serilog": {
        "type": "Transitive",
        "resolved": "2.10.0",
        "contentHash": "+QX0hmf37a0/OZLxM3wL7V6/ADvC1XihXN4Kq/p6d8lCPfgkRdiuhbWlMaFjR9Av0dy5F0+MBeDmDdRZN/YwQA=="
      },
      "Serilog.Extensions.Logging": {
        "type": "Transitive",
        "resolved": "3.0.1",
        "contentHash": "U0xbGoZuxJRjE3C5vlCfrf9a4xHTmbrCXKmaA14cHAqiT1Qir0rkV7Xss9GpPJR3MRYH19DFUUqZ9hvWeJrzdQ==",
        "dependencies": {
          "Microsoft.Extensions.Logging": "2.0.0",
          "Serilog": "2.8.0"
        }
      },
      "Serilog.Sinks.Console": {
        "type": "Transitive",
        "resolved": "4.0.1",
        "contentHash": "apLOvSJQLlIbKlbx+Y2UDHSP05kJsV7mou+fvJoRGs/iR+jC22r8cuFVMjjfVxz/AD4B2UCltFhE1naRLXwKNw==",
        "dependencies": {
          "Serilog": "2.10.0"
        }
      },
      "System.Diagnostics.DiagnosticSource": {
        "type": "Transitive",
        "resolved": "10.0.8",
        "contentHash": "rQHsK7Xr8Uz3449860ayVXp/CaLmrhHlMPxbpT/ibOPtp/dTTsr6+f/SxaGO2NzxHf+0siLE0UfdVN5z1I0EgQ=="
      },
      "System.Memory": {
        "type": "Transitive",
        "resolved": "4.5.3",
        "contentHash": "3oDzvc/zzetpTKWMShs1AADwZjQ/36HnsufHRPcOjyRAAMLDlu2iD33MBI2opxnezcVUtXyqDXXjoFMOU9c7SA=="
      },
      "System.Reflection.Metadata": {
        "type": "Transitive",
        "resolved": "5.0.0",
        "contentHash": "5NecZgXktdGg34rh1OenY1rFNDCI8xSjFr+Z4OU4cU06AQHUdRnIIEeWENu3Wl4YowbzkymAIMvi3WyK9U53pQ=="
      },
      "YamlDotNet": {
        "type": "Transitive",
        "resolved": "16.3.0",
        "contentHash": "SgMOdxbz8X65z8hraIs6hOEdnkH6hESTAIUa7viEngHOYaH+6q5XJmwr1+yb9vJpNQ19hCQY69xbFsLtXpobQA=="
      },
      "library": {
        "type": "Project",
        "dependencies": {
          "FluentValidation": "[12.0.0, )",
          "Microsoft.Extensions.Logging.Abstractions": "[10.0.8, )",
          "Microsoft.Extensions.Options": "[10.0.8, )",
          "Pulumi": "[3.38.0, )",
          "Pulumi.Aws": "[5.11.0, )",
          "Pulumi.Kubernetes": "[3.20.5, )",
          "Scriban": "[7.2.1, )",
          "YamlDotNet": "[16.3.0, )"
        }
      }
    }
  }
}