{
  "version": 1,
  "dependencies": {
    ".NETCoreApp,Version=v5.0": {
      "Flurl.Http": {
        "type": "Direct",
        "requested": "[3.2.4, )",
        "resolved": "3.2.4",
        "contentHash": "Me9Vm4Lm21vt/pbR0G2Dww/ZOjJgh6mB2FiH28aiUYStJD10ZecDp8jxg2zKxcy6lnkvLm99pjG4yC/k7a/d8w==",
        "dependencies": {
          "Flurl": "3.0.6",
          "Newtonsoft.Json": "12.0.2",
          "System.Text.Encoding.CodePages": "4.5.1"
        }
      },
      "Microsoft.Extensions.Options": {
        "type": "Direct",
        "requested": "[6.0.0, )",
        "resolved": "6.0.0",
        "contentHash": "dzXN0+V1AyjOe2xcJ86Qbo233KHuLEY0njf/P2Kw8SfJU+d45HNS2ctJdnEnrWbM9Ye2eFgaC5Mj9otRMU6IsQ==",
        "dependencies": {
          "Microsoft.Extensions.DependencyInjection.Abstractions": "6.0.0",
          "Microsoft.Extensions.Primitives": "6.0.0"
        }
      },
      "Microsoft.SourceLink.GitHub": {
        "type": "Direct",
        "requested": "[1.1.1, )",
        "resolved": "1.1.1",
        "contentHash": "IaJGnOv/M7UQjRJks7B6p7pbPnOwisYGOIzqCz5ilGFTApZ3ktOR+6zJ12ZRPInulBmdAf1SrGdDG2MU8g6XTw==",
        "dependencies": {
          "Microsoft.Build.Tasks.Git": "1.1.1",
          "Microsoft.SourceLink.Common": "1.1.1"
        }
      },
      "Polly": {
        "type": "Direct",
        "requested": "[7.2.3, )",
        "resolved": "7.2.3",
        "contentHash": "DeCY0OFbNdNxsjntr1gTXHJ5pKUwYzp04Er2LLeN3g6pWhffsGuKVfMBLe1lw7x76HrPkLxKEFxBlpRxS2nDEQ=="
      },
      "Pulumi": {
        "type": "Direct",
        "requested": "[3.34.1, )",
        "resolved": "3.34.1",
        "contentHash": "Z+/K3zX9cOzqcVa8VWavymroEmybq6e2BMRphM4xuzyjT9eFzNCNW0gV/ZtQjyb5HG75eQ2XxaIfCyg1eOp0uA==",
        "dependencies": {
          "Ben.Demystifier": "0.4.1",
          "Grpc.Net.Client": "2.43.0",
          "Microsoft.Extensions.Logging.Abstractions": "3.1.16",
          "OneOf": "3.0.216",
          "Pulumi.Protobuf": "3.13.0",
          "Serilog.Extensions.Logging": "3.0.1",
          "Serilog.Sinks.Console": "4.0.1",
          "semver": "2.1.0"
        }
      },
      "Pulumi.Aws": {
        "type": "Direct",
        "requested": "[5.8.0, )",
        "resolved": "5.8.0",
        "contentHash": "lTbqG2Xmae1JvkEGHG0mCIGcjd6H2zAiA4SwVjFo7qvH7Z82XOlZLrDgBN+lq04Hr3TncuiRDBTqhmH4CJnaJA==",
        "dependencies": {
          "Pulumi": "3.34.1"
        }
      },
      "Pulumi.Kubernetes": {
        "type": "Direct",
        "requested": "[3.19.3, )",
        "resolved": "3.19.3",
        "contentHash": "saBnuJv94hqNu8+V7XR66SZyuwgu7e5APdfrxYzWPpgoxUzqkgU5af7pCgo9tTKvEZNwMPJ+hLk2ugr7n/mfKQ==",
        "dependencies": {
          "Glob": "1.1.5",
          "Pulumi": "3.34.0"
        }
      },
      "Pulumi.Random": {
        "type": "Direct",
        "requested": "[4.8.0, )",
        "resolved": "4.8.0",
        "contentHash": "sZipXR6imynX6JdjtwM9NgRzbEoLggxVRs2ScaN/0VREkFeUeHzOyw6IxUGS3SW73rQprxsLBbDjrNP08CXzFA==",
        "dependencies": {
          "Pulumi": "3.34.1"
        }
      },
      "Ben.Demystifier": {
        "type": "Transitive",
        "resolved": "0.4.1",
        "contentHash": "axFeEMfmEORy3ipAzOXG/lE+KcNptRbei3F0C4kQCdeiQtW+qJW90K5iIovITGrdLt8AjhNCwk5qLSX9/rFpoA==",
        "dependencies": {
          "System.Reflection.Metadata": "5.0.0"
        }
      },
      "FluentValidation": {
        "type": "Transitive",
        "resolved": "11.1.0",
        "contentHash": "Ld7w+2jOmnhQqFkngEGuEWTRa5j6u4Xzli7jKxRtbA5PtuHHcpin01qxvxYL0LomeJuzRMGAOURu2rKONdjKQA=="
      },
      "Flurl": {
        "type": "Transitive",
        "resolved": "3.0.6",
        "contentHash": "XMIlB/tJ4nTYF2+79xDsnnlgbXHpKyizKX2fffrECekI6pEsa9MSLzf5tPVMdLy4k4AcJPLs356Sa2Le5VRDCw=="
      },
      "Glob": {
        "type": "Transitive",
        "resolved": "1.1.5",
        "contentHash": "N1kGneRrxfXn933JAIB61LCGPu+WEbr+qObpGqNNw125nQbuGusoBLe6skj7D0Zyjzhmrc2IdEx32ijYEdGdEA=="
      },
      "Grpc.Core.Api": {
        "type": "Transitive",
        "resolved": "2.43.0",
        "contentHash": "mikPMVE2I1AaNde1JQvR3ud8HsUmpeA4blqTt4SfCnDSNVN1GCd2UUEZsiID4MRPUzXwflMYl7/HhFytb6d+Ww==",
        "dependencies": {
          "System.Memory": "4.5.3"
        }
      },
      "Grpc.Net.Client": {
        "type": "Transitive",
        "resolved": "2.43.0",
        "contentHash": "ZhkxEOT3YPsJufsSYwIixwnPyZbjy3xOZgO61J2ZwEby3StwBDFQ5eHoxSjNVSpOP+ax8WMbgbmZfzjO+hBW8A==",
        "dependencies": {
          "Grpc.Net.Common": "2.43.0",
          "Microsoft.Extensions.Logging.Abstractions": "3.0.3"
        }
      },
      "Grpc.Net.Common": {
        "type": "Transitive",
        "resolved": "2.43.0",
        "contentHash": "kt0Hb1N1tlb5UdN17bTHEPNbKP3LUHEZQSKD47etAVI5KLDtmVGO4YsUGM/krrNMwHRjhUCy0EhUU8uVMc3upA==",
        "dependencies": {
          "Grpc.Core.Api": "2.43.0"
        }
      },
      "Microsoft.Build.Tasks.Git": {
        "type": "Transitive",
        "resolved": "1.1.1",
        "contentHash": "AT3HlgTjsqHnWpBHSNeR0KxbLZD7bztlZVj7I8vgeYG9SYqbeFGh0TM/KVtC6fg53nrWHl3VfZFvb5BiQFcY6Q=="
      },
      "Microsoft.Extensions.DependencyInjection.Abstractions": {
        "type": "Transitive",
        "resolved": "6.0.0",
        "contentHash": "xlzi2IYREJH3/m6+lUrQlujzX8wDitm4QGnUu6kUXTQAWPuZY8i+ticFJbzfqaetLA6KR/rO6Ew/HuYD+bxifg=="
      },
      "Microsoft.Extensions.Logging": {
        "type": "Transitive",
        "resolved": "2.0.0",
        "contentHash": "VP10syWV/vxYYMKgZ2eDESmUsz3gPxvBn5J6tkVN8lI4M+dF43RN8fWsEPbcAneDmZrHl3Pv23z05nmyGkJlpg==",
        "dependencies": {
          "Microsoft.Extensions.DependencyInjection.Abstractions": "2.0.0",
          "Microsoft.Extensions.Logging.Abstractions": "2.0.0",
          "Microsoft.Extensions.Options": "2.0.0"
        }
      },
      "Microsoft.Extensions.Logging.Abstractions": {
        "type": "Transitive",
        "resolved": "6.0.1",
        "contentHash": "dzB2Cgg+JmrouhjkcQGzSFjjvpwlq353i8oBQO2GWNjCXSzhbtBRUf28HSauWe7eib3wYOdb3tItdjRwAdwCSg==",
        "dependencies": {
          "System.Buffers": "4.5.1",
          "System.Memory": "4.5.4"
        }
      },
      "Microsoft.Extensions.Primitives": {
        "type": "Transitive",
        "resolved": "6.0.0",
        "contentHash": "9+PnzmQFfEFNR9J2aDTfJGGupShHjOuGw4VUv+JB044biSHrnmCIMD+mJHmb2H7YryrfBEXDurxQ47gJZdCKNQ==",
        "dependencies": {
          "System.Runtime.CompilerServices.Unsafe": "6.0.0"
        }
      },
      "Microsoft.NETCore.Platforms": {
        "type": "Transitive",
        "resolved": "2.1.2",
        "contentHash": "mOJy3M0UN+LUG21dLGMxaWZEP6xYpQEpLuvuEQBaownaX4YuhH6NmNUlN9si+vNkAS6dwJ//N1O4DmLf2CikVg=="
      },
      "Microsoft.SourceLink.Common": {
        "type": "Transitive",
        "resolved": "1.1.1",
        "contentHash": "WMcGpWKrmJmzrNeuaEb23bEMnbtR/vLmvZtkAP5qWu7vQsY59GqfRJd65sFpBszbd2k/bQ8cs8eWawQKAabkVg=="
      },
      "Newtonsoft.Json": {
        "type": "Transitive",
        "resolved": "12.0.2",
        "contentHash": "rTK0s2EKlfHsQsH6Yx2smvcTCeyoDNgCW7FEYyV01drPlh2T243PR2DiDXqtC5N4GDm4Ma/lkxfW5a/4793vbA=="
      },
      "OneOf": {
        "type": "Transitive",
        "resolved": "3.0.216",
        "contentHash": "hvSxx7O9Z50ZK/HZaqxcEiO1skihnHcsziy0cVRqSq7LrETM9swcRcMZuG+0irai7jq8FYYCHTrB/pSHSah6ug=="
      },
      "Pulumi.Protobuf": {
        "type": "Transitive",
        "resolved": "3.13.0",
        "contentHash": "UV0vFDK18D1+AfNKY8IhJsfDF4wwpCLnIrHO+ZdxDkWX2RqrJvOz3wFTXu9nfWWyC0qAAEHBS9EpmYnyKH9CkA==",
        "dependencies": {
          "System.Memory": "4.5.2",
          "System.Runtime.CompilerServices.Unsafe": "4.5.2"
        }
      },
      "Scriban": {
        "type": "Transitive",
        "resolved": "5.5.0",
        "contentHash": "e6n2qpSPlOx43+y1PeEukwu5n4i0slIUIMaFSndiIydfNuVqRbqL2QLd4y+BzFWDfN349YT71N/J38CH2IYb+w=="
      },
      "Semver": {
        "type": "Transitive",
        "resolved": "2.1.0",
        "contentHash": "1jUT0PwgKO9d9F/X2n762qLp7v/30OpMtJPFRtmjPXUX2/J0lnqiGiSJNNsW3yYTj5StF0Z1yE36TrvtGpcbrg=="
      },
      "Serilog": {
        "type": "Transitive",
        "resolved": "2.10.0",
        "contentHash": "+QX0hmf37a0/OZLxM3wL7V6/ADvC1XihXN4Kq/p6d8lCPfgkRdiuhbWlMaFjR9Av0dy5F0+MBeDmDdRZN/YwQA=="
      },
      "Serilog.Extensions.Logging": {
        "type": "Transitive",
        "resolved": "3.0.1",
        "contentHash": "U0xbGoZuxJRjE3C5vlCfrf9a4xHTmbrCXKmaA14cHAqiT1Qir0rkV7Xss9GpPJR3MRYH19DFUUqZ9hvWeJrzdQ==",
        "dependencies": {
          "Microsoft.Extensions.Logging": "2.0.0",
          "Serilog": "2.8.0"
        }
      },
      "Serilog.Sinks.Console": {
        "type": "Transitive",
        "resolved": "4.0.1",
        "contentHash": "apLOvSJQLlIbKlbx+Y2UDHSP05kJsV7mou+fvJoRGs/iR+jC22r8cuFVMjjfVxz/AD4B2UCltFhE1naRLXwKNw==",
        "dependencies": {
          "Serilog": "2.10.0"
        }
      },
      "System.Buffers": {
        "type": "Transitive",
        "resolved": "4.5.1",
        "contentHash": "Rw7ijyl1qqRS0YQD/WycNst8hUUMgrMH4FCn1nNm27M4VxchZ1js3fVjQaANHO5f3sN4isvP4a+Met9Y4YomAg=="
      },
      "System.Memory": {
        "type": "Transitive",
        "resolved": "4.5.4",
        "contentHash": "1MbJTHS1lZ4bS4FmsJjnuGJOu88ZzTT2rLvrhW7Ygic+pC0NWA+3hgAen0HRdsocuQXCkUTdFn9yHJJhsijDXw=="
      },
      "System.Reflection.Metadata": {
        "type": "Transitive",
        "resolved": "5.0.0",
        "contentHash": "5NecZgXktdGg34rh1OenY1rFNDCI8xSjFr+Z4OU4cU06AQHUdRnIIEeWENu3Wl4YowbzkymAIMvi3WyK9U53pQ=="
      },
      "System.Runtime.CompilerServices.Unsafe": {
        "type": "Transitive",
        "resolved": "6.0.0",
        "contentHash": "/iUeP3tq1S0XdNNoMz5C9twLSrM/TH+qElHkXWaPvuNOt+99G75NrV0OS2EqHx5wMN7popYjpc8oTjC1y16DLg=="
      },
      "System.Text.Encoding.CodePages": {
        "type": "Transitive",
        "resolved": "4.5.1",
        "contentHash": "4J2JQXbftjPMppIHJ7IC+VXQ9XfEagN92vZZNoG12i+zReYlim5dMoXFC1Zzg7tsnKDM7JPo5bYfFK4Jheq44w==",
        "dependencies": {
          "Microsoft.NETCore.Platforms": "2.1.2",
          "System.Runtime.CompilerServices.Unsafe": "4.5.2"
        }
      },
      "YamlDotNet": {
        "type": "Transitive",
        "resolved": "11.2.1",
        "contentHash": "tBt8K+korVfrjH9wyDEhiLKxbs8qoLCLIFwvYgkSUuMC9//w3z0cFQ8LQAI/5MCKq+BMil0cfRTRvPeE7eXhQw=="
      },
      "library": {
        "type": "Project",
        "dependencies": {
          "FluentValidation": "11.1.0",
          "Microsoft.Extensions.Logging.Abstractions": "6.0.1",
          "Microsoft.Extensions.Options": "6.0.0",
          "Pulumi": "3.34.1",
          "Pulumi.Aws": "5.8.0",
          "Pulumi.Kubernetes": "3.19.3",
          "Scriban": "5.5.0",
          "YamlDotNet": "11.2.1"
        }
      }
    }
  }
}