{
  "version": 1,
  "dependencies": {
    "net8.0": {
      "Json.More.Net": {
        "type": "Direct",
        "requested": "[1.10.0, )",
        "resolved": "1.10.0",
        "contentHash": "RXPCnqGkFGN//fqlVRiAFBgfi2ff0M23ExTHz9BwEYiWm/GQAjFHSGT5OZ+PbhPs6PaIiOrDVrkUwSxV9I5YCw==",
        "dependencies": {
          "System.Text.Json": "6.0.2"
        }
      },
      "JsonPath.Net": {
        "type": "Direct",
        "requested": "[0.7.1, )",
        "resolved": "0.7.1",
        "contentHash": "9Ptfxear0AB7aYLWGbodkw63wy2kCzcJmqEFnrFtsQfGNIR5Sc+VkZHoFd2UYsH8iqAK0CEga7oSSmbMyQrnvg==",
        "dependencies": {
          "Json.More.Net": "1.9.3"
        }
      },
      "Microsoft.Extensions.Hosting": {
        "type": "Direct",
        "requested": "[8.0.0, )",
        "resolved": "8.0.0",
        "contentHash": "ItYHpdqVp5/oFLT5QqbopnkKlyFG9EW/9nhM6/yfObeKt6Su0wkBio6AizgRHGNwhJuAtlE5VIjow5JOTrip6w==",
        "dependencies": {
          "Microsoft.Extensions.Configuration": "8.0.0",
          "Microsoft.Extensions.Configuration.Abstractions": "8.0.0",
          "Microsoft.Extensions.Configuration.Binder": "8.0.0",
          "Microsoft.Extensions.Configuration.CommandLine": "8.0.0",
          "Microsoft.Extensions.Configuration.EnvironmentVariables": "8.0.0",
          "Microsoft.Extensions.Configuration.FileExtensions": "8.0.0",
          "Microsoft.Extensions.Configuration.Json": "8.0.0",
          "Microsoft.Extensions.Configuration.UserSecrets": "8.0.0",
          "Microsoft.Extensions.DependencyInjection": "8.0.0",
          "Microsoft.Extensions.DependencyInjection.Abstractions": "8.0.0",
          "Microsoft.Extensions.Diagnostics": "8.0.0",
          "Microsoft.Extensions.FileProviders.Abstractions": "8.0.0",
          "Microsoft.Extensions.FileProviders.Physical": "8.0.0",
          "Microsoft.Extensions.Hosting.Abstractions": "8.0.0",
          "Microsoft.Extensions.Logging": "8.0.0",
          "Microsoft.Extensions.Logging.Abstractions": "8.0.0",
          "Microsoft.Extensions.Logging.Configuration": "8.0.0",
          "Microsoft.Extensions.Logging.Console": "8.0.0",
          "Microsoft.Extensions.Logging.Debug": "8.0.0",
          "Microsoft.Extensions.Logging.EventLog": "8.0.0",
          "Microsoft.Extensions.Logging.EventSource": "8.0.0",
          "Microsoft.Extensions.Options": "8.0.0"
        }
      },
      "Microsoft.Extensions.Options": {
        "type": "Direct",
        "requested": "[8.0.1, )",
        "resolved": "8.0.1",
        "contentHash": "wmpp+BSU3oGifaev6Z9rrlwHoITLFfpVOSbgBrOXjkbJSCXnZVCsoRGE5c3fJFI4VlNgnNkNlI9y+5jC4fmOEA==",
        "dependencies": {
          "Microsoft.Extensions.DependencyInjection.Abstractions": "8.0.0",
          "Microsoft.Extensions.Primitives": "8.0.0"
        }
      },
      "NetEscapades.Configuration.Yaml": {
        "type": "Direct",
        "requested": "[3.1.0, )",
        "resolved": "3.1.0",
        "contentHash": "D5Pxt4hXABna5OwYQmAQukspW7LEoYgvfAqyw85gUF/gnH9pWHsZCLMXy2ewWoQ0PELZ1lOGFLDbDVeoCvtBgA==",
        "dependencies": {
          "Microsoft.Extensions.Configuration": "2.0.0",
          "Microsoft.Extensions.Configuration.FileExtensions": "2.0.0",
          "YamlDotNet": "13.0.1"
        }
      },
      "Pulumi.Automation": {
        "type": "Direct",
        "requested": "[3.38.0, )",
        "resolved": "3.38.0",
        "contentHash": "MqNQ6b7DTyQvIB7/Aql6c/BMURzT6n1Gi0mXOkstIfUgOCxtG8JIeY32G+EtPpXTKa5t5Gt5IacpdFekEmd7cA==",
        "dependencies": {
          "CliWrap": "3.3.2",
          "Grpc.AspNetCore.Server": "2.37.0",
          "Pulumi": "3.38.0",
          "YamlDotNet": "11.1.1"
        }
      },
      "Serilog": {
        "type": "Direct",
        "requested": "[3.1.1, )",
        "resolved": "3.1.1",
        "contentHash": "P6G4/4Kt9bT635bhuwdXlJ2SCqqn2nhh4gqFqQueCOr9bK/e7W9ll/IoX1Ter948cV2Z/5+5v8pAfJYUISY03A=="
      },
      "Serilog.Enrichers.Thread": {
        "type": "Direct",
        "requested": "[3.1.0, )",
        "resolved": "3.1.0",
        "contentHash": "85lWsGRJpRxvKT6j/H67no55SUBsBIvp556TKuBTGhjtoPeq+L7j/sDWbgAtvT0p7u7/phJyX6j35PQ4Vtqw0g==",
        "dependencies": {
          "Serilog": "2.3.0"
        }
      },
      "Serilog.Extensions.Hosting": {
        "type": "Direct",
        "requested": "[8.0.0, )",
        "resolved": "8.0.0",
        "contentHash": "db0OcbWeSCvYQkHWu6n0v40N4kKaTAXNjlM3BKvcbwvNzYphQFcBR+36eQ/7hMMwOkJvAyLC2a9/jNdUL5NjtQ==",
        "dependencies": {
          "Microsoft.Extensions.DependencyInjection.Abstractions": "8.0.0",
          "Microsoft.Extensions.Hosting.Abstractions": "8.0.0",
          "Microsoft.Extensions.Logging.Abstractions": "8.0.0",
          "Serilog": "3.1.1",
          "Serilog.Extensions.Logging": "8.0.0"
        }
      },
      "Serilog.Settings.Configuration": {
        "type": "Direct",
        "requested": "[8.0.0, )",
        "resolved": "8.0.0",
        "contentHash": "nR0iL5HwKj5v6ULo3/zpP8NMcq9E2pxYA6XKTSWCbugVs4YqPyvaqaKOY+OMpPivKp7zMEpax2UKHnDodbRB0Q==",
        "dependencies": {
          "Microsoft.Extensions.Configuration.Binder": "8.0.0",
          "Microsoft.Extensions.DependencyModel": "8.0.0",
          "Serilog": "3.1.1"
        }
      },
      "Serilog.Sinks.Seq": {
        "type": "Direct",
        "requested": "[6.0.0, )",
        "resolved": "6.0.0",
        "contentHash": "LtxlH5xE3ZPxmCYL5+I8tPzytnR91xfFFIIUIcpoGq69a45eyFkrVMonApww+B08a0I++GfM7jP1oB6GBhOR1w==",
        "dependencies": {
          "Serilog": "3.1.1",
          "Serilog.Formatting.Compact": "2.0.0",
          "Serilog.Sinks.File": "5.0.0",
          "Serilog.Sinks.PeriodicBatching": "3.1.0"
        }
      },
      "Spectre.Console.Cli": {
        "type": "Direct",
        "requested": "[0.48.0, )",
        "resolved": "0.48.0",
        "contentHash": "HNoDxAOTODQ9h+4K5Cs2caW8kIicRKw5SS4vgEEkJtnTp7/4XR8OIGvCjVi09w3m+xn4lTlkS0ENy2ktGz4HRw==",
        "dependencies": {
          "Spectre.Console": "0.48.0"
        }
      },
      "Ben.Demystifier": {
        "type": "Transitive",
        "resolved": "0.4.1",
        "contentHash": "axFeEMfmEORy3ipAzOXG/lE+KcNptRbei3F0C4kQCdeiQtW+qJW90K5iIovITGrdLt8AjhNCwk5qLSX9/rFpoA==",
        "dependencies": {
          "System.Reflection.Metadata": "5.0.0"
        }
      },
      "CliWrap": {
        "type": "Transitive",
        "resolved": "3.3.2",
        "contentHash": "HaRiB1ej5+fi9PmfqUivCbAapHO7E9G55DiK1zbtXlQpQWcB2IRzyxzubBoErGPFAnGo7ZjTPDpZs6eACArzcA=="
      },
      "FluentValidation": {
        "type": "Transitive",
        "resolved": "11.9.0",
        "contentHash": "VneVlTvwYDkfHV5av3QrQ0amALgrLX6LV94wlYyEsh0B/klJBW7C8y2eAtj5tOZ3jH6CAVpr4s1ZGgew/QWyig=="
      },
      "Flurl": {
        "type": "Transitive",
        "resolved": "4.0.0",
        "contentHash": "rpts69yYgvJqg6PPgqShBQEZ4aNzWQqWpWppcT0oDWxDCIsBqiod4pj6LQZdhk+1OozLFagemldMRACdHF3CsA=="
      },
      "Flurl.Http": {
        "type": "Transitive",
        "resolved": "4.0.2",
        "contentHash": "9vCqFFyceA11yplkFD8AbCFFTvG1Lrw3tpsgOpL5sLUc28p6zcvGszNleuT6nDymRvtt5eS+rqUX+bRztg1fhA==",
        "dependencies": {
          "Flurl": "4.0.0"
        }
      },
      "Glob": {
        "type": "Transitive",
        "resolved": "1.1.5",
        "contentHash": "N1kGneRrxfXn933JAIB61LCGPu+WEbr+qObpGqNNw125nQbuGusoBLe6skj7D0Zyjzhmrc2IdEx32ijYEdGdEA=="
      },
      "Grpc.AspNetCore.Server": {
        "type": "Transitive",
        "resolved": "2.37.0",
        "contentHash": "CYwIdTx3Ev83jdk0yHUugn4HOac0N5m6KwmU9r5ct4xMJQgO3uH+aVqt8HRIbl3/vg2Vy1YoAu+PDHFGc6CNMw==",
        "dependencies": {
          "Grpc.Net.Common": "2.37.0"
        }
      },
      "Grpc.Core.Api": {
        "type": "Transitive",
        "resolved": "2.43.0",
        "contentHash": "mikPMVE2I1AaNde1JQvR3ud8HsUmpeA4blqTt4SfCnDSNVN1GCd2UUEZsiID4MRPUzXwflMYl7/HhFytb6d+Ww==",
        "dependencies": {
          "System.Memory": "4.5.3"
        }
      },
      "Grpc.Net.Client": {
        "type": "Transitive",
        "resolved": "2.43.0",
        "contentHash": "ZhkxEOT3YPsJufsSYwIixwnPyZbjy3xOZgO61J2ZwEby3StwBDFQ5eHoxSjNVSpOP+ax8WMbgbmZfzjO+hBW8A==",
        "dependencies": {
          "Grpc.Net.Common": "2.43.0",
          "Microsoft.Extensions.Logging.Abstractions": "3.0.3"
        }
      },
      "Grpc.Net.Common": {
        "type": "Transitive",
        "resolved": "2.43.0",
        "contentHash": "kt0Hb1N1tlb5UdN17bTHEPNbKP3LUHEZQSKD47etAVI5KLDtmVGO4YsUGM/krrNMwHRjhUCy0EhUU8uVMc3upA==",
        "dependencies": {
          "Grpc.Core.Api": "2.43.0"
        }
      },
      "IPNetwork2": {
        "type": "Transitive",
        "resolved": "3.0.643",
        "contentHash": "h0b6W0IxJs8Zv5U78S35o59ybqeH/YEEMVWYi1NrsvUmx8kqiri+JLI3hgaBkzrpsdNp/SSfhpJAvhtRS1fPVA=="
      },
      "Microsoft.Extensions.Configuration": {
        "type": "Transitive",
        "resolved": "8.0.0",
        "contentHash": "0J/9YNXTMWSZP2p2+nvl8p71zpSwokZXZuJW+VjdErkegAnFdO1XlqtA62SJtgVYHdKu3uPxJHcMR/r35HwFBA==",
        "dependencies": {
          "Microsoft.Extensions.Configuration.Abstractions": "8.0.0",
          "Microsoft.Extensions.Primitives": "8.0.0"
        }
      },
      "Microsoft.Extensions.Configuration.Abstractions": {
        "type": "Transitive",
        "resolved": "8.0.0",
        "contentHash": "3lE/iLSutpgX1CC0NOW70FJoGARRHbyKmG7dc0klnUZ9Dd9hS6N/POPWhKhMLCEuNN5nXEY5agmlFtH562vqhQ==",
        "dependencies": {
          "Microsoft.Extensions.Primitives": "8.0.0"
        }
      },
      "Microsoft.Extensions.Configuration.Binder": {
        "type": "Transitive",
        "resolved": "8.0.0",
        "contentHash": "mBMoXLsr5s1y2zOHWmKsE9veDcx8h1x/c3rz4baEdQKTeDcmQAPNbB54Pi/lhFO3K431eEq6PFbMgLaa6PHFfA==",
        "dependencies": {
          "Microsoft.Extensions.Configuration.Abstractions": "8.0.0"
        }
      },
      "Microsoft.Extensions.Configuration.CommandLine": {
        "type": "Transitive",
        "resolved": "8.0.0",
        "contentHash": "NZuZMz3Q8Z780nKX3ifV1fE7lS+6pynDHK71OfU4OZ1ItgvDOhyOC7E6z+JMZrAj63zRpwbdldYFk499t3+1dQ==",
        "dependencies": {
          "Microsoft.Extensions.Configuration": "8.0.0",
          "Microsoft.Extensions.Configuration.Abstractions": "8.0.0"
        }
      },
      "Microsoft.Extensions.Configuration.EnvironmentVariables": {
        "type": "Transitive",
        "resolved": "8.0.0",
        "contentHash": "plvZ0ZIpq+97gdPNNvhwvrEZ92kNml9hd1pe3idMA7svR0PztdzVLkoWLcRFgySYXUJc3kSM3Xw3mNFMo/bxRA==",
        "dependencies": {
          "Microsoft.Extensions.Configuration": "8.0.0",
          "Microsoft.Extensions.Configuration.Abstractions": "8.0.0"
        }
      },
      "Microsoft.Extensions.Configuration.FileExtensions": {
        "type": "Transitive",
        "resolved": "8.0.0",
        "contentHash": "McP+Lz/EKwvtCv48z0YImw+L1gi1gy5rHhNaNIY2CrjloV+XY8gydT8DjMR6zWeL13AFK+DioVpppwAuO1Gi1w==",
        "dependencies": {
          "Microsoft.Extensions.Configuration": "8.0.0",
          "Microsoft.Extensions.Configuration.Abstractions": "8.0.0",
          "Microsoft.Extensions.FileProviders.Abstractions": "8.0.0",
          "Microsoft.Extensions.FileProviders.Physical": "8.0.0",
          "Microsoft.Extensions.Primitives": "8.0.0"
        }
      },
      "Microsoft.Extensions.Configuration.Json": {
        "type": "Transitive",
        "resolved": "8.0.0",
        "contentHash": "C2wqUoh9OmRL1akaCcKSTmRU8z0kckfImG7zLNI8uyi47Lp+zd5LWAD17waPQEqCz3ioWOCrFUo+JJuoeZLOBw==",
        "dependencies": {
          "Microsoft.Extensions.Configuration": "8.0.0",
          "Microsoft.Extensions.Configuration.Abstractions": "8.0.0",
          "Microsoft.Extensions.Configuration.FileExtensions": "8.0.0",
          "Microsoft.Extensions.FileProviders.Abstractions": "8.0.0",
          "System.Text.Json": "8.0.0"
        }
      },
      "Microsoft.Extensions.Configuration.UserSecrets": {
        "type": "Transitive",
        "resolved": "8.0.0",
        "contentHash": "ihDHu2dJYQird9pl2CbdwuNDfvCZdOS0S7SPlNfhPt0B81UTT+yyZKz2pimFZGUp3AfuBRnqUCxB2SjsZKHVUw==",
        "dependencies": {
          "Microsoft.Extensions.Configuration.Abstractions": "8.0.0",
          "Microsoft.Extensions.Configuration.Json": "8.0.0",
          "Microsoft.Extensions.FileProviders.Abstractions": "8.0.0",
          "Microsoft.Extensions.FileProviders.Physical": "8.0.0"
        }
      },
      "Microsoft.Extensions.DependencyInjection": {
        "type": "Transitive",
        "resolved": "8.0.0",
        "contentHash": "V8S3bsm50ig6JSyrbcJJ8bW2b9QLGouz+G1miK3UTaOWmMtFwNNNzUf4AleyDWUmTrWMLNnFSLEQtxmxgNQnNQ==",
        "dependencies": {
          "Microsoft.Extensions.DependencyInjection.Abstractions": "8.0.0"
        }
      },
      "Microsoft.Extensions.DependencyInjection.Abstractions": {
        "type": "Transitive",
        "resolved": "8.0.0",
        "contentHash": "cjWrLkJXK0rs4zofsK4bSdg+jhDLTaxrkXu4gS6Y7MAlCvRyNNgwY/lJi5RDlQOnSZweHqoyvgvbdvQsRIW+hg=="
      },
      "Microsoft.Extensions.DependencyModel": {
        "type": "Transitive",
        "resolved": "8.0.0",
        "contentHash": "NSmDw3K0ozNDgShSIpsZcbFIzBX4w28nDag+TfaQujkXGazBm+lid5onlWoCBy4VsLxqnnKjEBbGSJVWJMf43g==",
        "dependencies": {
          "System.Text.Encodings.Web": "8.0.0",
          "System.Text.Json": "8.0.0"
        }
      },
      "Microsoft.Extensions.Diagnostics": {
        "type": "Transitive",
        "resolved": "8.0.0",
        "contentHash": "3PZp/YSkIXrF7QK7PfC1bkyRYwqOHpWFad8Qx+4wkuumAeXo1NHaxpS9LboNA9OvNSAu+QOVlXbMyoY+pHSqcw==",
        "dependencies": {
          "Microsoft.Extensions.Configuration": "8.0.0",
          "Microsoft.Extensions.Diagnostics.Abstractions": "8.0.0",
          "Microsoft.Extensions.Options.ConfigurationExtensions": "8.0.0"
        }
      },
      "Microsoft.Extensions.Diagnostics.Abstractions": {
        "type": "Transitive",
        "resolved": "8.0.0",
        "contentHash": "JHYCQG7HmugNYUhOl368g+NMxYE/N/AiclCYRNlgCY9eVyiBkOHMwK4x60RYMxv9EL3+rmj1mqHvdCiPpC+D4Q==",
        "dependencies": {
          "Microsoft.Extensions.DependencyInjection.Abstractions": "8.0.0",
          "Microsoft.Extensions.Options": "8.0.0",
          "System.Diagnostics.DiagnosticSource": "8.0.0"
        }
      },
      "Microsoft.Extensions.FileProviders.Abstractions": {
        "type": "Transitive",
        "resolved": "8.0.0",
        "contentHash": "ZbaMlhJlpisjuWbvXr4LdAst/1XxH3vZ6A0BsgTphZ2L4PGuxRLz7Jr/S7mkAAnOn78Vu0fKhEgNF5JO3zfjqQ==",
        "dependencies": {
          "Microsoft.Extensions.Primitives": "8.0.0"
        }
      },
      "Microsoft.Extensions.FileProviders.Physical": {
        "type": "Transitive",
        "resolved": "8.0.0",
        "contentHash": "UboiXxpPUpwulHvIAVE36Knq0VSHaAmfrFkegLyBZeaADuKezJ/AIXYAW8F5GBlGk/VaibN2k/Zn1ca8YAfVdA==",
        "dependencies": {
          "Microsoft.Extensions.FileProviders.Abstractions": "8.0.0",
          "Microsoft.Extensions.FileSystemGlobbing": "8.0.0",
          "Microsoft.Extensions.Primitives": "8.0.0"
        }
      },
      "Microsoft.Extensions.FileSystemGlobbing": {
        "type": "Transitive",
        "resolved": "8.0.0",
        "contentHash": "OK+670i7esqlQrPjdIKRbsyMCe9g5kSLpRRQGSr4Q58AOYEe/hCnfLZprh7viNisSUUQZmMrbbuDaIrP+V1ebQ=="
      },
      "Microsoft.Extensions.Hosting.Abstractions": {
        "type": "Transitive",
        "resolved": "8.0.0",
        "contentHash": "AG7HWwVRdCHlaA++1oKDxLsXIBxmDpMPb3VoyOoAghEWnkUvEAdYQUwnV4jJbAaa/nMYNiEh5ByoLauZBEiovg==",
        "dependencies": {
          "Microsoft.Extensions.Configuration.Abstractions": "8.0.0",
          "Microsoft.Extensions.DependencyInjection.Abstractions": "8.0.0",
          "Microsoft.Extensions.Diagnostics.Abstractions": "8.0.0",
          "Microsoft.Extensions.FileProviders.Abstractions": "8.0.0",
          "Microsoft.Extensions.Logging.Abstractions": "8.0.0"
        }
      },
      "Microsoft.Extensions.Logging": {
        "type": "Transitive",
        "resolved": "8.0.0",
        "contentHash": "tvRkov9tAJ3xP51LCv3FJ2zINmv1P8Hi8lhhtcKGqM+ImiTCC84uOPEI4z8Cdq2C3o9e+Aa0Gw0rmrsJD77W+w==",
        "dependencies": {
          "Microsoft.Extensions.DependencyInjection": "8.0.0",
          "Microsoft.Extensions.Logging.Abstractions": "8.0.0",
          "Microsoft.Extensions.Options": "8.0.0"
        }
      },
      "Microsoft.Extensions.Logging.Abstractions": {
        "type": "Transitive",
        "resolved": "8.0.0",
        "contentHash": "arDBqTgFCyS0EvRV7O3MZturChstm50OJ0y9bDJvAcmEPJm0FFpFyjU/JLYyStNGGey081DvnQYlncNX5SJJGA==",
        "dependencies": {
          "Microsoft.Extensions.DependencyInjection.Abstractions": "8.0.0"
        }
      },
      "Microsoft.Extensions.Logging.Configuration": {
        "type": "Transitive",
        "resolved": "8.0.0",
        "contentHash": "ixXXV0G/12g6MXK65TLngYN9V5hQQRuV+fZi882WIoVJT7h5JvoYoxTEwCgdqwLjSneqh1O+66gM8sMr9z/rsQ==",
        "dependencies": {
          "Microsoft.Extensions.Configuration": "8.0.0",
          "Microsoft.Extensions.Configuration.Abstractions": "8.0.0",
          "Microsoft.Extensions.Configuration.Binder": "8.0.0",
          "Microsoft.Extensions.DependencyInjection.Abstractions": "8.0.0",
          "Microsoft.Extensions.Logging": "8.0.0",
          "Microsoft.Extensions.Logging.Abstractions": "8.0.0",
          "Microsoft.Extensions.Options": "8.0.0",
          "Microsoft.Extensions.Options.ConfigurationExtensions": "8.0.0"
        }
      },
      "Microsoft.Extensions.Logging.Console": {
        "type": "Transitive",
        "resolved": "8.0.0",
        "contentHash": "e+48o7DztoYog+PY430lPxrM4mm3PbA6qucvQtUDDwVo4MO+ejMw7YGc/o2rnxbxj4isPxdfKFzTxvXMwAz83A==",
        "dependencies": {
          "Microsoft.Extensions.DependencyInjection.Abstractions": "8.0.0",
          "Microsoft.Extensions.Logging": "8.0.0",
          "Microsoft.Extensions.Logging.Abstractions": "8.0.0",
          "Microsoft.Extensions.Logging.Configuration": "8.0.0",
          "Microsoft.Extensions.Options": "8.0.0",
          "System.Text.Json": "8.0.0"
        }
      },
      "Microsoft.Extensions.Logging.Debug": {
        "type": "Transitive",
        "resolved": "8.0.0",
        "contentHash": "dt0x21qBdudHLW/bjMJpkixv858RRr8eSomgVbU8qljOyfrfDGi1JQvpF9w8S7ziRPtRKisuWaOwFxJM82GxeA==",
        "dependencies": {
          "Microsoft.Extensions.DependencyInjection.Abstractions": "8.0.0",
          "Microsoft.Extensions.Logging": "8.0.0",
          "Microsoft.Extensions.Logging.Abstractions": "8.0.0"
        }
      },
      "Microsoft.Extensions.Logging.EventLog": {
        "type": "Transitive",
        "resolved": "8.0.0",
        "contentHash": "3X9D3sl7EmOu7vQp5MJrmIJBl5XSdOhZPYXUeFfYa6Nnm9+tok8x3t3IVPLhm7UJtPOU61ohFchw8rNm9tIYOQ==",
        "dependencies": {
          "Microsoft.Extensions.DependencyInjection.Abstractions": "8.0.0",
          "Microsoft.Extensions.Logging": "8.0.0",
          "Microsoft.Extensions.Logging.Abstractions": "8.0.0",
          "Microsoft.Extensions.Options": "8.0.0",
          "System.Diagnostics.EventLog": "8.0.0"
        }
      },
      "Microsoft.Extensions.Logging.EventSource": {
        "type": "Transitive",
        "resolved": "8.0.0",
        "contentHash": "oKcPMrw+luz2DUAKhwFXrmFikZWnyc8l2RKoQwqU3KIZZjcfoJE0zRHAnqATfhRZhtcbjl/QkiY2Xjxp0xu+6w==",
        "dependencies": {
          "Microsoft.Extensions.DependencyInjection.Abstractions": "8.0.0",
          "Microsoft.Extensions.Logging": "8.0.0",
          "Microsoft.Extensions.Logging.Abstractions": "8.0.0",
          "Microsoft.Extensions.Options": "8.0.0",
          "Microsoft.Extensions.Primitives": "8.0.0",
          "System.Text.Json": "8.0.0"
        }
      },
      "Microsoft.Extensions.Options.ConfigurationExtensions": {
        "type": "Transitive",
        "resolved": "8.0.0",
        "contentHash": "0f4DMRqEd50zQh+UyJc+/HiBsZ3vhAQALgdkcQEalSH1L2isdC7Yj54M3cyo5e+BeO5fcBQ7Dxly8XiBBcvRgw==",
        "dependencies": {
          "Microsoft.Extensions.Configuration.Abstractions": "8.0.0",
          "Microsoft.Extensions.Configuration.Binder": "8.0.0",
          "Microsoft.Extensions.DependencyInjection.Abstractions": "8.0.0",
          "Microsoft.Extensions.Options": "8.0.0",
          "Microsoft.Extensions.Primitives": "8.0.0"
        }
      },
      "Microsoft.Extensions.Primitives": {
        "type": "Transitive",
        "resolved": "8.0.0",
        "contentHash": "bXJEZrW9ny8vjMF1JV253WeLhpEVzFo1lyaZu1vQ4ZxWUlVvknZ/+ftFgVheLubb4eZPSwwxBeqS1JkCOjxd8g=="
      },
      "OneOf": {
        "type": "Transitive",
        "resolved": "3.0.216",
        "contentHash": "hvSxx7O9Z50ZK/HZaqxcEiO1skihnHcsziy0cVRqSq7LrETM9swcRcMZuG+0irai7jq8FYYCHTrB/pSHSah6ug=="
      },
      "Polly": {
        "type": "Transitive",
        "resolved": "8.2.1",
        "contentHash": "tVHvP5Z0fNoZCE9mpKAsh0IaValwsTGPrqjlWqkWR/Gpl5jL05HWC/AVGSL+jkAqkl1Jn7uBUOArnRD+dK5PfQ==",
        "dependencies": {
          "Polly.Core": "8.2.1"
        }
      },
      "Polly.Core": {
        "type": "Transitive",
        "resolved": "8.2.1",
        "contentHash": "/Z3EspfWBdTla4I9IAcQn32/7kB5WS3rSnOYloz8YlVyClu8h7uuYf4pfUvffOYVbxmDX/mFRfxwzqW2Zs96ZA=="
      },
      "Pulumi": {
        "type": "Transitive",
        "resolved": "3.38.0",
        "contentHash": "0baiin6DnnCM/yEZj+e/KBYpHocuKkFvbRHHIFQMnBfkQUw/B+XMXRLR25k8lfgffE95lm2ucBnedlS2y2XHuA==",
        "dependencies": {
          "Ben.Demystifier": "0.4.1",
          "Grpc.Net.Client": "2.43.0",
          "Microsoft.Extensions.Logging.Abstractions": "3.1.16",
          "OneOf": "3.0.216",
          "Pulumi.Protobuf": "3.20.1",
          "Serilog.Extensions.Logging": "3.0.1",
          "Serilog.Sinks.Console": "4.0.1",
          "semver": "2.1.0"
        }
      },
      "Pulumi.Aws": {
        "type": "Transitive",
        "resolved": "5.11.0",
        "contentHash": "EH00hqIAlroIIb+TR07i8CAFhbgTdmQrzwdep8kMFVGwhhRhdk1S1X3TtWKx7dWW6OP00Yff/dWbtDozTTEtVg==",
        "dependencies": {
          "Pulumi": "3.38.0"
        }
      },
      "Pulumi.Kubernetes": {
        "type": "Transitive",
        "resolved": "3.20.5",
        "contentHash": "9Buu+YQrnwcVEARSQfV30QjILW9QBu11wHlnwUOmHGUTFOvnDmKOWc/4QbFxYVERzcn5VpVevSjE+wJkizi/0w==",
        "dependencies": {
          "Glob": "1.1.5",
          "Pulumi": "3.37.2"
        }
      },
      "Pulumi.Protobuf": {
        "type": "Transitive",
        "resolved": "3.20.1",
        "contentHash": "5U/MY7jYmhAPWDicmKErhO52HzQDZMlH7cQ674xEi1BvnMNq+RpHUpzKebDFzctPR9K5xPhMWhn8K56EM/BciA=="
      },
      "Pulumi.Random": {
        "type": "Transitive",
        "resolved": "4.8.2",
        "contentHash": "6tRMMnLGkvEFk89FE76iQ3IpCbjBHAShbrjxaOlWfOpJ3wuGeyQou+vlH8HDEruA315QxGnGNlYkBMslIQ1diw==",
        "dependencies": {
          "Pulumi": "3.38.0"
        }
      },
      "Pulumi.Tls": {
        "type": "Transitive",
        "resolved": "4.6.0",
        "contentHash": "usSy8ZSFDdxFKTpzVRwp2BNvzsqbok3bpq1Qkvx+ZtuqWEhLlumKqHUg4PcivN6u36UjKSAreGrTFILWNTro4Q==",
        "dependencies": {
          "Pulumi": "3.33.2"
        }
      },
      "Scriban": {
        "type": "Transitive",
        "resolved": "5.9.1",
        "contentHash": "Er0jZCXrHXtk+nnzmHVEnmz1pjfU+VL3GppO0UjtCMoZ0Se1plyPe1OLb6gM7ToSRA7nu/QIcdRFr29x8w8rQQ=="
      },
      "Semver": {
        "type": "Transitive",
        "resolved": "2.1.0",
        "contentHash": "1jUT0PwgKO9d9F/X2n762qLp7v/30OpMtJPFRtmjPXUX2/J0lnqiGiSJNNsW3yYTj5StF0Z1yE36TrvtGpcbrg=="
      },
      "Serilog.Extensions.Logging": {
        "type": "Transitive",
        "resolved": "8.0.0",
        "contentHash": "YEAMWu1UnWgf1c1KP85l1SgXGfiVo0Rz6x08pCiPOIBt2Qe18tcZLvdBUuV5o1QHvrs8FAry9wTIhgBRtjIlEg==",
        "dependencies": {
          "Microsoft.Extensions.Logging": "8.0.0",
          "Serilog": "3.1.1"
        }
      },
      "Serilog.Formatting.Compact": {
        "type": "Transitive",
        "resolved": "2.0.0",
        "contentHash": "ob6z3ikzFM3D1xalhFuBIK1IOWf+XrQq+H4KeH4VqBcPpNcmUgZlRQ2h3Q7wvthpdZBBoY86qZOI2LCXNaLlNA==",
        "dependencies": {
          "Serilog": "3.1.0"
        }
      },
      "Serilog.Sinks.Console": {
        "type": "Transitive",
        "resolved": "4.0.1",
        "contentHash": "apLOvSJQLlIbKlbx+Y2UDHSP05kJsV7mou+fvJoRGs/iR+jC22r8cuFVMjjfVxz/AD4B2UCltFhE1naRLXwKNw==",
        "dependencies": {
          "Serilog": "2.10.0"
        }
      },
      "Serilog.Sinks.File": {
        "type": "Transitive",
        "resolved": "5.0.0",
        "contentHash": "uwV5hdhWPwUH1szhO8PJpFiahqXmzPzJT/sOijH/kFgUx+cyoDTMM8MHD0adw9+Iem6itoibbUXHYslzXsLEAg==",
        "dependencies": {
          "Serilog": "2.10.0"
        }
      },
      "Serilog.Sinks.PeriodicBatching": {
        "type": "Transitive",
        "resolved": "3.1.0",
        "contentHash": "NDWR7m3PalVlGEq3rzoktrXikjFMLmpwF0HI4sowo8YDdU+gqPlTHlDQiOGxHfB0sTfjPA9JjA7ctKG9zqjGkw==",
        "dependencies": {
          "Serilog": "2.0.0"
        }
      },
      "Spectre.Console": {
        "type": "Transitive",
        "resolved": "0.48.0",
        "contentHash": "4Mc1UT7Azgtyb8FyNwK5FZmoZbKuT5PmY7ZwaKUytjD5kGFMNBACpOZTwYtkuY377YkYtZYBeDDTJUwTW86QXw==",
        "dependencies": {
          "System.Memory": "4.5.5"
        }
      },
      "System.Diagnostics.DiagnosticSource": {
        "type": "Transitive",
        "resolved": "8.0.0",
        "contentHash": "c9xLpVz6PL9lp/djOWtk5KPDZq3cSYpmXoJQY524EOtuFl5z9ZtsotpsyrDW40U1DRnQSYvcPKEUV0X//u6gkQ=="
      },
      "System.Diagnostics.EventLog": {
        "type": "Transitive",
        "resolved": "8.0.0",
        "contentHash": "fdYxcRjQqTTacKId/2IECojlDSFvp7LP5N78+0z/xH7v/Tuw5ZAxu23Y6PTCRinqyu2ePx+Gn1098NC6jM6d+A=="
      },
      "System.Memory": {
        "type": "Transitive",
        "resolved": "4.5.5",
        "contentHash": "XIWiDvKPXaTveaB7HVganDlOCRoj03l+jrwNvcge/t8vhGYKvqV+dMv6G4SAX2NoNmN0wZfVPTAlFwZcZvVOUw=="
      },
      "System.Reflection.Metadata": {
        "type": "Transitive",
        "resolved": "5.0.0",
        "contentHash": "5NecZgXktdGg34rh1OenY1rFNDCI8xSjFr+Z4OU4cU06AQHUdRnIIEeWENu3Wl4YowbzkymAIMvi3WyK9U53pQ=="
      },
      "System.Text.Encodings.Web": {
        "type": "Transitive",
        "resolved": "8.0.0",
        "contentHash": "yev/k9GHAEGx2Rg3/tU6MQh4HGBXJs70y7j1LaM1i/ER9po+6nnQ6RRqTJn1E7Xu0fbIFK80Nh5EoODxrbxwBQ=="
      },
      "System.Text.Json": {
        "type": "Transitive",
        "resolved": "8.0.0",
        "contentHash": "OdrZO2WjkiEG6ajEFRABTRCi/wuXQPxeV6g8xvUJqdxMvvuCCEk86zPla8UiIQJz3durtUEbNyY/3lIhS0yZvQ==",
        "dependencies": {
          "System.Text.Encodings.Web": "8.0.0"
        }
      },
      "YamlDotNet": {
        "type": "Transitive",
        "resolved": "13.7.1",
        "contentHash": "X4m1PnFcJwvAj1sCDMntg/eZcX96CJLrWMiYnq41KqhFVZPuw63ZTSxIGqgdCwHWHvCAyTxheELC/VDf1HsU2A=="
      },
      "aws": {
        "type": "Project",
        "dependencies": {
          "IPNetwork2": "[3.0.643, )",
          "K8s": "[1.0.0, )",
          "Library": "[1.0.0, )",
          "Microsoft.Extensions.Options": "[8.0.1, )",
          "Pulumi": "[3.38.0, )",
          "Pulumi.Aws": "[5.11.0, )",
          "Pulumi.Tls": "[4.6.0, )"
        }
      },
      "k8s": {
        "type": "Project",
        "dependencies": {
          "Flurl.Http": "[4.0.2, )",
          "Library": "[1.0.0, )",
          "Microsoft.Extensions.Options": "[8.0.1, )",
          "Polly": "[8.2.1, )",
          "Pulumi": "[3.38.0, )",
          "Pulumi.Aws": "[5.11.0, )",
          "Pulumi.Kubernetes": "[3.20.5, )",
          "Pulumi.Random": "[4.8.2, )"
        }
      },
      "library": {
        "type": "Project",
        "dependencies": {
          "FluentValidation": "[11.9.0, )",
          "Microsoft.Extensions.Logging.Abstractions": "[8.0.0, )",
          "Microsoft.Extensions.Options": "[8.0.1, )",
          "Pulumi": "[3.38.0, )",
          "Pulumi.Aws": "[5.11.0, )",
          "Pulumi.Kubernetes": "[3.20.5, )",
          "Scriban": "[5.9.1, )",
          "YamlDotNet": "[13.7.1, )"
        }
      }
    }
  }
}