{
  "version": 1,
  "dependencies": {
    "net9.0": {
      "Json.More.Net": {
        "type": "Direct",
        "requested": "[2.1.3, )",
        "resolved": "2.1.3",
        "contentHash": "Jr0lXIG7MRAO/gW+saOHpnYqermO+1ZHZtXesVFxZLs5MPzanojF8boQ3IPqIdNi+GcuV8mjsg+K4e28lAdlTA=="
      },
      "JsonPath.Net": {
        "type": "Direct",
        "requested": "[2.1.1, )",
        "resolved": "2.1.1",
        "contentHash": "HYq/rUkfpChS2O1tnkR0ocBxHL60jZDORNXd6nO3D6I21MA1M7Idvd0m31X9yLkriNSatAih0Ho3QRDvU/G0cg==",
        "dependencies": {
          "Json.More.Net": "2.1.1"
        }
      },
      "Microsoft.Extensions.Hosting": {
        "type": "Direct",
        "requested": "[9.0.9, )",
        "resolved": "9.0.9",
        "contentHash": "DmRsWH3g8yZGho/pLQ79hxhM2ctE1eDTZ/HbAnrD/uw8m+P2pRRJOoBVxlrhbhMP3/y3oAJoy0yITasfmilbTg==",
        "dependencies": {
          "Microsoft.Extensions.Configuration": "9.0.9",
          "Microsoft.Extensions.Configuration.Abstractions": "9.0.9",
          "Microsoft.Extensions.Configuration.Binder": "9.0.9",
          "Microsoft.Extensions.Configuration.CommandLine": "9.0.9",
          "Microsoft.Extensions.Configuration.EnvironmentVariables": "9.0.9",
          "Microsoft.Extensions.Configuration.FileExtensions": "9.0.9",
          "Microsoft.Extensions.Configuration.Json": "9.0.9",
          "Microsoft.Extensions.Configuration.UserSecrets": "9.0.9",
          "Microsoft.Extensions.DependencyInjection": "9.0.9",
          "Microsoft.Extensions.DependencyInjection.Abstractions": "9.0.9",
          "Microsoft.Extensions.Diagnostics": "9.0.9",
          "Microsoft.Extensions.FileProviders.Abstractions": "9.0.9",
          "Microsoft.Extensions.FileProviders.Physical": "9.0.9",
          "Microsoft.Extensions.Hosting.Abstractions": "9.0.9",
          "Microsoft.Extensions.Logging": "9.0.9",
          "Microsoft.Extensions.Logging.Abstractions": "9.0.9",
          "Microsoft.Extensions.Logging.Configuration": "9.0.9",
          "Microsoft.Extensions.Logging.Console": "9.0.9",
          "Microsoft.Extensions.Logging.Debug": "9.0.9",
          "Microsoft.Extensions.Logging.EventLog": "9.0.9",
          "Microsoft.Extensions.Logging.EventSource": "9.0.9",
          "Microsoft.Extensions.Options": "9.0.9"
        }
      },
      "Microsoft.Extensions.Options": {
        "type": "Direct",
        "requested": "[9.0.9, )",
        "resolved": "9.0.9",
        "contentHash": "loxGGHE1FC2AefwPHzrjPq7X92LQm64qnU/whKfo6oWaceewPUVYQJBJs3S3E2qlWwnCpeZ+dGCPTX+5dgVAuQ==",
        "dependencies": {
          "Microsoft.Extensions.DependencyInjection.Abstractions": "9.0.9",
          "Microsoft.Extensions.Primitives": "9.0.9"
        }
      },
      "NetEscapades.Configuration.Yaml": {
        "type": "Direct",
        "requested": "[3.1.0, )",
        "resolved": "3.1.0",
        "contentHash": "D5Pxt4hXABna5OwYQmAQukspW7LEoYgvfAqyw85gUF/gnH9pWHsZCLMXy2ewWoQ0PELZ1lOGFLDbDVeoCvtBgA==",
        "dependencies": {
          "Microsoft.Extensions.Configuration": "2.0.0",
          "Microsoft.Extensions.Configuration.FileExtensions": "2.0.0",
          "YamlDotNet": "13.0.1"
        }
      },
      "Pulumi.Automation": {
        "type": "Direct",
        "requested": "[3.38.0, )",
        "resolved": "3.38.0",
        "contentHash": "MqNQ6b7DTyQvIB7/Aql6c/BMURzT6n1Gi0mXOkstIfUgOCxtG8JIeY32G+EtPpXTKa5t5Gt5IacpdFekEmd7cA==",
        "dependencies": {
          "CliWrap": "3.3.2",
          "Grpc.AspNetCore.Server": "2.37.0",
          "Pulumi": "3.38.0",
          "YamlDotNet": "11.1.1"
        }
      },
      "Serilog": {
        "type": "Direct",
        "requested": "[4.3.0, )",
        "resolved": "4.3.0",
        "contentHash": "+cDryFR0GRhsGOnZSKwaDzRRl4MupvJ42FhCE4zhQRVanX0Jpg6WuCBk59OVhVDPmab1bB+nRykAnykYELA9qQ=="
      },
      "Serilog.Enrichers.Thread": {
        "type": "Direct",
        "requested": "[4.0.0, )",
        "resolved": "4.0.0",
        "contentHash": "C7BK25a1rhUyr+Tp+1BYcVlBJq7M2VCHlIgnwoIUVJcicM9jYcvQK18+OeHiXw7uLPSjqWxJIp1EfaZ/RGmEwA==",
        "dependencies": {
          "Serilog": "4.0.0"
        }
      },
      "Serilog.Extensions.Hosting": {
        "type": "Direct",
        "requested": "[9.0.0, )",
        "resolved": "9.0.0",
        "contentHash": "u2TRxuxbjvTAldQn7uaAwePkWxTHIqlgjelekBtilAGL5sYyF3+65NWctN4UrwwGLsDC7c3Vz3HnOlu+PcoxXg==",
        "dependencies": {
          "Microsoft.Extensions.DependencyInjection.Abstractions": "9.0.0",
          "Microsoft.Extensions.Hosting.Abstractions": "9.0.0",
          "Microsoft.Extensions.Logging.Abstractions": "9.0.0",
          "Serilog": "4.2.0",
          "Serilog.Extensions.Logging": "9.0.0"
        }
      },
      "Serilog.Settings.Configuration": {
        "type": "Direct",
        "requested": "[9.0.0, )",
        "resolved": "9.0.0",
        "contentHash": "4/Et4Cqwa+F88l5SeFeNZ4c4Z6dEAIKbu3MaQb2Zz9F/g27T5a3wvfMcmCOaAiACjfUb4A6wrlTVfyYUZk3RRQ==",
        "dependencies": {
          "Microsoft.Extensions.Configuration.Binder": "9.0.0",
          "Microsoft.Extensions.DependencyModel": "9.0.0",
          "Serilog": "4.2.0"
        }
      },
      "Serilog.Sinks.Seq": {
        "type": "Direct",
        "requested": "[9.0.0, )",
        "resolved": "9.0.0",
        "contentHash": "aNU8A0K322q7+voPNmp1/qNPH+9QK8xvM1p72sMmCG0wGlshFzmtDW9QnVSoSYCj0MgQKcMOlgooovtBhRlNHw==",
        "dependencies": {
          "Serilog": "4.2.0",
          "Serilog.Sinks.File": "6.0.0"
        }
      },
      "Spectre.Console.Cli": {
        "type": "Direct",
        "requested": "[0.51.1, )",
        "resolved": "0.51.1",
        "contentHash": "LqJjjug5f8ipFFzhwBaQHMXt8+uuJAxu3dsyAxF+Jyva9yHW0P3iP6s1NpwVqt0Yk11n6/f9qipyiEn0zBKBiQ==",
        "dependencies": {
          "Spectre.Console": "0.51.1"
        }
      },
      "Ben.Demystifier": {
        "type": "Transitive",
        "resolved": "0.4.1",
        "contentHash": "axFeEMfmEORy3ipAzOXG/lE+KcNptRbei3F0C4kQCdeiQtW+qJW90K5iIovITGrdLt8AjhNCwk5qLSX9/rFpoA==",
        "dependencies": {
          "System.Reflection.Metadata": "5.0.0"
        }
      },
      "CliWrap": {
        "type": "Transitive",
        "resolved": "3.3.2",
        "contentHash": "HaRiB1ej5+fi9PmfqUivCbAapHO7E9G55DiK1zbtXlQpQWcB2IRzyxzubBoErGPFAnGo7ZjTPDpZs6eACArzcA=="
      },
      "FluentValidation": {
        "type": "Transitive",
        "resolved": "11.11.0",
        "contentHash": "cyIVdQBwSipxWG8MA3Rqox7iNbUNUTK5bfJi9tIdm4CAfH71Oo5ABLP4/QyrUwuakqpUEPGtE43BDddvEehuYw=="
      },
      "Flurl": {
        "type": "Transitive",
        "resolved": "4.0.0",
        "contentHash": "rpts69yYgvJqg6PPgqShBQEZ4aNzWQqWpWppcT0oDWxDCIsBqiod4pj6LQZdhk+1OozLFagemldMRACdHF3CsA=="
      },
      "Flurl.Http": {
        "type": "Transitive",
        "resolved": "4.0.2",
        "contentHash": "9vCqFFyceA11yplkFD8AbCFFTvG1Lrw3tpsgOpL5sLUc28p6zcvGszNleuT6nDymRvtt5eS+rqUX+bRztg1fhA==",
        "dependencies": {
          "Flurl": "4.0.0"
        }
      },
      "Glob": {
        "type": "Transitive",
        "resolved": "1.1.5",
        "contentHash": "N1kGneRrxfXn933JAIB61LCGPu+WEbr+qObpGqNNw125nQbuGusoBLe6skj7D0Zyjzhmrc2IdEx32ijYEdGdEA=="
      },
      "Grpc.AspNetCore.Server": {
        "type": "Transitive",
        "resolved": "2.37.0",
        "contentHash": "CYwIdTx3Ev83jdk0yHUugn4HOac0N5m6KwmU9r5ct4xMJQgO3uH+aVqt8HRIbl3/vg2Vy1YoAu+PDHFGc6CNMw==",
        "dependencies": {
          "Grpc.Net.Common": "2.37.0"
        }
      },
      "Grpc.Core.Api": {
        "type": "Transitive",
        "resolved": "2.43.0",
        "contentHash": "mikPMVE2I1AaNde1JQvR3ud8HsUmpeA4blqTt4SfCnDSNVN1GCd2UUEZsiID4MRPUzXwflMYl7/HhFytb6d+Ww==",
        "dependencies": {
          "System.Memory": "4.5.3"
        }
      },
      "Grpc.Net.Client": {
        "type": "Transitive",
        "resolved": "2.43.0",
        "contentHash": "ZhkxEOT3YPsJufsSYwIixwnPyZbjy3xOZgO61J2ZwEby3StwBDFQ5eHoxSjNVSpOP+ax8WMbgbmZfzjO+hBW8A==",
        "dependencies": {
          "Grpc.Net.Common": "2.43.0",
          "Microsoft.Extensions.Logging.Abstractions": "3.0.3"
        }
      },
      "Grpc.Net.Common": {
        "type": "Transitive",
        "resolved": "2.43.0",
        "contentHash": "kt0Hb1N1tlb5UdN17bTHEPNbKP3LUHEZQSKD47etAVI5KLDtmVGO4YsUGM/krrNMwHRjhUCy0EhUU8uVMc3upA==",
        "dependencies": {
          "Grpc.Core.Api": "2.43.0"
        }
      },
      "IPNetwork2": {
        "type": "Transitive",
        "resolved": "3.4.832",
        "contentHash": "tQ7kynGM5am/+EtFq62S+QC4OP74cQvh5JIAOs3qF/ltPq4aNelJrmnZevS/Cuh1Icopd0tyMps24FtHzeOpBg=="
      },
      "Microsoft.Extensions.Configuration": {
        "type": "Transitive",
        "resolved": "9.0.9",
        "contentHash": "w87wF/90/VI0ZQBhf4rbMEeyEy0vi2WKjFmACsNAKNaorY+ZlVz7ddyXkbADvaWouMKffNmR0yQOGcrvSSvKGg==",
        "dependencies": {
          "Microsoft.Extensions.Configuration.Abstractions": "9.0.9",
          "Microsoft.Extensions.Primitives": "9.0.9"
        }
      },
      "Microsoft.Extensions.Configuration.Abstractions": {
        "type": "Transitive",
        "resolved": "9.0.9",
        "contentHash": "p5RKAY9POvs3axwA/AQRuJeM8AHuE8h4qbP1NxQeGm0ep46aXz1oCLAp/oOYxX1GsjStgdhHrN3XXLLXr0+b3w==",
        "dependencies": {
          "Microsoft.Extensions.Primitives": "9.0.9"
        }
      },
      "Microsoft.Extensions.Configuration.Binder": {
        "type": "Transitive",
        "resolved": "9.0.9",
        "contentHash": "6SIp/6Bngk4jm2W36JekZbiIbFPdE/eMUtrJEqIqHGpd1zar3jvgnwxnpWQfzUiGrkyY8q8s6V82zkkEZozghA==",
        "dependencies": {
          "Microsoft.Extensions.Configuration.Abstractions": "9.0.9"
        }
      },
      "Microsoft.Extensions.Configuration.CommandLine": {
        "type": "Transitive",
        "resolved": "9.0.9",
        "contentHash": "9bzGOcHoTi8ijrj0MHh5qUY6n9CuittZUqEOj5iE0ZJoSCfG0BI9nhcpd8MC9bOOgjZW5OeizKO8rgta9lSVyA==",
        "dependencies": {
          "Microsoft.Extensions.Configuration": "9.0.9",
          "Microsoft.Extensions.Configuration.Abstractions": "9.0.9"
        }
      },
      "Microsoft.Extensions.Configuration.EnvironmentVariables": {
        "type": "Transitive",
        "resolved": "9.0.9",
        "contentHash": "AB8suTh4STAMGDkPer5vL0YNp09eplvbkIbOfFJ1z8D1zOiFF8Hipk9FhCLU4Ea6TosWmGrK30ZIUO9KvAeFcg==",
        "dependencies": {
          "Microsoft.Extensions.Configuration": "9.0.9",
          "Microsoft.Extensions.Configuration.Abstractions": "9.0.9"
        }
      },
      "Microsoft.Extensions.Configuration.FileExtensions": {
        "type": "Transitive",
        "resolved": "9.0.9",
        "contentHash": "fvgubCs++wTowHWuQ5TAyZV0S6ldA59U+tBVqFr4/WLd0oEf6ESbdBN2CFaVdn4sZqnarqMnl2O3++RG/Jrf/w==",
        "dependencies": {
          "Microsoft.Extensions.Configuration": "9.0.9",
          "Microsoft.Extensions.Configuration.Abstractions": "9.0.9",
          "Microsoft.Extensions.FileProviders.Abstractions": "9.0.9",
          "Microsoft.Extensions.FileProviders.Physical": "9.0.9",
          "Microsoft.Extensions.Primitives": "9.0.9"
        }
      },
      "Microsoft.Extensions.Configuration.Json": {
        "type": "Transitive",
        "resolved": "9.0.9",
        "contentHash": "PiPYo1GTinR2ECM80zYdZUIFmde6jj5DryXUcOJg3yIjh+KQMQr42e+COD03QUsUiqNkJk511wVTnVpTm2AVZA==",
        "dependencies": {
          "Microsoft.Extensions.Configuration": "9.0.9",
          "Microsoft.Extensions.Configuration.Abstractions": "9.0.9",
          "Microsoft.Extensions.Configuration.FileExtensions": "9.0.9",
          "Microsoft.Extensions.FileProviders.Abstractions": "9.0.9"
        }
      },
      "Microsoft.Extensions.Configuration.UserSecrets": {
        "type": "Transitive",
        "resolved": "9.0.9",
        "contentHash": "bFaNxfU8gQJX3K/Dd6XT0YIJ5ZVihdAY6Z02p2nVTUHjUsaWflLIucZOgB/ecSNnN3zbbBEf1oFC7q5NHTZIHw==",
        "dependencies": {
          "Microsoft.Extensions.Configuration.Abstractions": "9.0.9",
          "Microsoft.Extensions.Configuration.Json": "9.0.9",
          "Microsoft.Extensions.FileProviders.Abstractions": "9.0.9",
          "Microsoft.Extensions.FileProviders.Physical": "9.0.9"
        }
      },
      "Microsoft.Extensions.DependencyInjection": {
        "type": "Transitive",
        "resolved": "9.0.9",
        "contentHash": "zQV2WOSP+3z1EuK91ULxfGgo2Y75bTRnmJHp08+w/YXAyekZutX/qCd88/HOMNh35MDW9mJJJxPpMPS+1Rww8A==",
        "dependencies": {
          "Microsoft.Extensions.DependencyInjection.Abstractions": "9.0.9"
        }
      },
      "Microsoft.Extensions.DependencyInjection.Abstractions": {
        "type": "Transitive",
        "resolved": "9.0.9",
        "contentHash": "/hymojfWbE9AlDOa0mczR44m00Jj+T3+HZO0ZnVTI032fVycI0ZbNOVFP6kqZMcXiLSYXzR2ilcwaRi6dzeGyA=="
      },
      "Microsoft.Extensions.DependencyModel": {
        "type": "Transitive",
        "resolved": "9.0.0",
        "contentHash": "saxr2XzwgDU77LaQfYFXmddEDRUKHF4DaGMZkNB3qjdVSZlax3//dGJagJkKrGMIPNZs2jVFXITyCCR6UHJNdA=="
      },
      "Microsoft.Extensions.Diagnostics": {
        "type": "Transitive",
        "resolved": "9.0.9",
        "contentHash": "gtzl9SD6CvFYOb92qEF41Z9rICzYniM342TWbbJwN3eLS6a5fCLFvO1pQGtpMSnP3h1zHXupMEeKSA9musWYCQ==",
        "dependencies": {
          "Microsoft.Extensions.Configuration": "9.0.9",
          "Microsoft.Extensions.Diagnostics.Abstractions": "9.0.9",
          "Microsoft.Extensions.Options.ConfigurationExtensions": "9.0.9"
        }
      },
      "Microsoft.Extensions.Diagnostics.Abstractions": {
        "type": "Transitive",
        "resolved": "9.0.9",
        "contentHash": "YHGmxccrVZ2Ar3eI+/NdbOHkd1/HzrHvmQ5yBsp0Gl7jTyBe6qcXNYjUt9v9JIO+Z14la44+YYEe63JSqs1fYg==",
        "dependencies": {
          "Microsoft.Extensions.DependencyInjection.Abstractions": "9.0.9",
          "Microsoft.Extensions.Options": "9.0.9"
        }
      },
      "Microsoft.Extensions.FileProviders.Abstractions": {
        "type": "Transitive",
        "resolved": "9.0.9",
        "contentHash": "M1ZhL9QkBQ/k6l/Wjgcli5zrV86HzytQ+gQiNtk9vs9Ge1fb17KKZil9T6jd15p2x/BGfXpup7Hg55CC0kkfig==",
        "dependencies": {
          "Microsoft.Extensions.Primitives": "9.0.9"
        }
      },
      "Microsoft.Extensions.FileProviders.Physical": {
        "type": "Transitive",
        "resolved": "9.0.9",
        "contentHash": "sRrPtEwbK23OCFOQ36Xn6ofiB0/nl54/BOdR7lJ/Vwg3XlyvUdmyXvFUS1EU5ltn+sQtbcPuy1l0hsysO8++SQ==",
        "dependencies": {
          "Microsoft.Extensions.FileProviders.Abstractions": "9.0.9",
          "Microsoft.Extensions.FileSystemGlobbing": "9.0.9",
          "Microsoft.Extensions.Primitives": "9.0.9"
        }
      },
      "Microsoft.Extensions.FileSystemGlobbing": {
        "type": "Transitive",
        "resolved": "9.0.9",
        "contentHash": "iQAgORaVIlkhcpxFnVEfjqNWfQCwBEEH7x2IanTwGafA6Tb4xiBoDWySTxUo3MV2NUV/PmwS/8OhT/elPnJCnw=="
      },
      "Microsoft.Extensions.Hosting.Abstractions": {
        "type": "Transitive",
        "resolved": "9.0.9",
        "contentHash": "ORA4dICNz7cuwupPkjXpSuoiK6GMg0aygInBIQCCFEimwoHntRKdJqB59faxq2HHJuTPW3NsZm5EjN5P5Zh6nQ==",
        "dependencies": {
          "Microsoft.Extensions.Configuration.Abstractions": "9.0.9",
          "Microsoft.Extensions.DependencyInjection.Abstractions": "9.0.9",
          "Microsoft.Extensions.Diagnostics.Abstractions": "9.0.9",
          "Microsoft.Extensions.FileProviders.Abstractions": "9.0.9",
          "Microsoft.Extensions.Logging.Abstractions": "9.0.9"
        }
      },
      "Microsoft.Extensions.Logging": {
        "type": "Transitive",
        "resolved": "9.0.9",
        "contentHash": "MaCB0Y9hNDs4YLu3HCJbo199WnJT8xSgajG1JYGANz9FkseQ5f3v/llu3HxLI6mjDlu7pa7ps9BLPWjKzsAAzQ==",
        "dependencies": {
          "Microsoft.Extensions.DependencyInjection": "9.0.9",
          "Microsoft.Extensions.Logging.Abstractions": "9.0.9",
          "Microsoft.Extensions.Options": "9.0.9"
        }
      },
      "Microsoft.Extensions.Logging.Abstractions": {
        "type": "Transitive",
        "resolved": "9.0.9",
        "contentHash": "FEgpSF+Z9StMvrsSViaybOBwR0f0ZZxDm8xV5cSOFiXN/t+ys+rwAlTd/6yG7Ld1gfppgvLcMasZry3GsI9lGA==",
        "dependencies": {
          "Microsoft.Extensions.DependencyInjection.Abstractions": "9.0.9"
        }
      },
      "Microsoft.Extensions.Logging.Configuration": {
        "type": "Transitive",
        "resolved": "9.0.9",
        "contentHash": "Abuo+S0Sg+Ke6vzSh5Ell+lwJJM+CEIqg1ImtWnnqF6a/ibJkQnmFJi4/ekEw/0uAcdFKJXtGV7w6cFN0nyXeg==",
        "dependencies": {
          "Microsoft.Extensions.Configuration": "9.0.9",
          "Microsoft.Extensions.Configuration.Abstractions": "9.0.9",
          "Microsoft.Extensions.Configuration.Binder": "9.0.9",
          "Microsoft.Extensions.DependencyInjection.Abstractions": "9.0.9",
          "Microsoft.Extensions.Logging": "9.0.9",
          "Microsoft.Extensions.Logging.Abstractions": "9.0.9",
          "Microsoft.Extensions.Options": "9.0.9",
          "Microsoft.Extensions.Options.ConfigurationExtensions": "9.0.9"
        }
      },
      "Microsoft.Extensions.Logging.Console": {
        "type": "Transitive",
        "resolved": "9.0.9",
        "contentHash": "x3+W7IfW9Tg3sV+sU9N1039M4CqklaAecwhz9qNtjOCBdmg7h96JaL+NAvhYgZgweVJTJaxAvuO8I+ZZehE7Pg==",
        "dependencies": {
          "Microsoft.Extensions.DependencyInjection.Abstractions": "9.0.9",
          "Microsoft.Extensions.Logging": "9.0.9",
          "Microsoft.Extensions.Logging.Abstractions": "9.0.9",
          "Microsoft.Extensions.Logging.Configuration": "9.0.9",
          "Microsoft.Extensions.Options": "9.0.9"
        }
      },
      "Microsoft.Extensions.Logging.Debug": {
        "type": "Transitive",
        "resolved": "9.0.9",
        "contentHash": "q8IbjIzTjfaGfuf9LAuG3X9BytAWj2hWhLU61rEkit847oaSSbcdx/yybY3yL9RgVG1u9ctk7kbCv18M+7Fi6Q==",
        "dependencies": {
          "Microsoft.Extensions.DependencyInjection.Abstractions": "9.0.9",
          "Microsoft.Extensions.Logging": "9.0.9",
          "Microsoft.Extensions.Logging.Abstractions": "9.0.9"
        }
      },
      "Microsoft.Extensions.Logging.EventLog": {
        "type": "Transitive",
        "resolved": "9.0.9",
        "contentHash": "1SX5+mv16SBb5NrtLNxIvUt8PHbdvDloZazQdxz1CNM39jG7yeF6olH3sceQ4ONF0oVD5mVUsTag0iVX4xgyog==",
        "dependencies": {
          "Microsoft.Extensions.DependencyInjection.Abstractions": "9.0.9",
          "Microsoft.Extensions.Logging": "9.0.9",
          "Microsoft.Extensions.Logging.Abstractions": "9.0.9",
          "Microsoft.Extensions.Options": "9.0.9",
          "System.Diagnostics.EventLog": "9.0.9"
        }
      },
      "Microsoft.Extensions.Logging.EventSource": {
        "type": "Transitive",
        "resolved": "9.0.9",
        "contentHash": "rGQi5mImot7tTFxj1tQWknWjOBHX1+gsX1WLmQNl5WHr4Sx1kXUBGDuRUjfx4c8pe/hcYHdalAmgk7RdusW6Jw==",
        "dependencies": {
          "Microsoft.Extensions.DependencyInjection.Abstractions": "9.0.9",
          "Microsoft.Extensions.Logging": "9.0.9",
          "Microsoft.Extensions.Logging.Abstractions": "9.0.9",
          "Microsoft.Extensions.Options": "9.0.9",
          "Microsoft.Extensions.Primitives": "9.0.9"
        }
      },
      "Microsoft.Extensions.Options.ConfigurationExtensions": {
        "type": "Transitive",
        "resolved": "9.0.9",
        "contentHash": "n4DCdnn2qs6V5U06Sx62FySEAZsJiJJgOzrPHDh9hPK7c2W8hEabC76F3Re3tGPjpiKa02RvB6FxZyxo8iICzg==",
        "dependencies": {
          "Microsoft.Extensions.Configuration.Abstractions": "9.0.9",
          "Microsoft.Extensions.Configuration.Binder": "9.0.9",
          "Microsoft.Extensions.DependencyInjection.Abstractions": "9.0.9",
          "Microsoft.Extensions.Options": "9.0.9",
          "Microsoft.Extensions.Primitives": "9.0.9"
        }
      },
      "Microsoft.Extensions.Primitives": {
        "type": "Transitive",
        "resolved": "9.0.9",
        "contentHash": "z4pyMePOrl733ltTowbN565PxBw1oAr8IHmIXNDiDqd22nFpYltX9KhrNC/qBWAG1/Zx5MHX+cOYhWJQYCO/iw=="
      },
      "OneOf": {
        "type": "Transitive",
        "resolved": "3.0.216",
        "contentHash": "hvSxx7O9Z50ZK/HZaqxcEiO1skihnHcsziy0cVRqSq7LrETM9swcRcMZuG+0irai7jq8FYYCHTrB/pSHSah6ug=="
      },
      "Polly": {
        "type": "Transitive",
        "resolved": "8.6.4",
        "contentHash": "uuBsDoBw0oYrMe3uTWRjkT2sIkKh+ZZnnDrLb4Z+QANfeA4+7FJacx6E8CY5GAxXRoSgFrvUADEAQ7DPF6fGiw==",
        "dependencies": {
          "Polly.Core": "8.6.4"
        }
      },
      "Polly.Core": {
        "type": "Transitive",
        "resolved": "8.6.4",
        "contentHash": "4AWqYnQ2TME0E+Mzovt1Uu+VyvpR84ymUldMcPw7Mbj799Phaag14CKrMtlJGx5jsvYP+S3oR1QmysgmXoD5cw=="
      },
      "Pulumi": {
        "type": "Transitive",
        "resolved": "3.38.0",
        "contentHash": "0baiin6DnnCM/yEZj+e/KBYpHocuKkFvbRHHIFQMnBfkQUw/B+XMXRLR25k8lfgffE95lm2ucBnedlS2y2XHuA==",
        "dependencies": {
          "Ben.Demystifier": "0.4.1",
          "Grpc.Net.Client": "2.43.0",
          "Microsoft.Extensions.Logging.Abstractions": "3.1.16",
          "OneOf": "3.0.216",
          "Pulumi.Protobuf": "3.20.1",
          "Serilog.Extensions.Logging": "3.0.1",
          "Serilog.Sinks.Console": "4.0.1",
          "semver": "2.1.0"
        }
      },
      "Pulumi.Aws": {
        "type": "Transitive",
        "resolved": "5.11.0",
        "contentHash": "EH00hqIAlroIIb+TR07i8CAFhbgTdmQrzwdep8kMFVGwhhRhdk1S1X3TtWKx7dWW6OP00Yff/dWbtDozTTEtVg==",
        "dependencies": {
          "Pulumi": "3.38.0"
        }
      },
      "Pulumi.Kubernetes": {
        "type": "Transitive",
        "resolved": "3.20.5",
        "contentHash": "9Buu+YQrnwcVEARSQfV30QjILW9QBu11wHlnwUOmHGUTFOvnDmKOWc/4QbFxYVERzcn5VpVevSjE+wJkizi/0w==",
        "dependencies": {
          "Glob": "1.1.5",
          "Pulumi": "3.37.2"
        }
      },
      "Pulumi.Protobuf": {
        "type": "Transitive",
        "resolved": "3.20.1",
        "contentHash": "5U/MY7jYmhAPWDicmKErhO52HzQDZMlH7cQ674xEi1BvnMNq+RpHUpzKebDFzctPR9K5xPhMWhn8K56EM/BciA=="
      },
      "Pulumi.Random": {
        "type": "Transitive",
        "resolved": "4.8.2",
        "contentHash": "6tRMMnLGkvEFk89FE76iQ3IpCbjBHAShbrjxaOlWfOpJ3wuGeyQou+vlH8HDEruA315QxGnGNlYkBMslIQ1diw==",
        "dependencies": {
          "Pulumi": "3.38.0"
        }
      },
      "Pulumi.Tls": {
        "type": "Transitive",
        "resolved": "4.6.0",
        "contentHash": "usSy8ZSFDdxFKTpzVRwp2BNvzsqbok3bpq1Qkvx+ZtuqWEhLlumKqHUg4PcivN6u36UjKSAreGrTFILWNTro4Q==",
        "dependencies": {
          "Pulumi": "3.33.2"
        }
      },
      "Scriban": {
        "type": "Transitive",
        "resolved": "6.4.0",
        "contentHash": "z30JIkGd5BOx1s+5qj4OD7N3uQ734IT10M7t7noouZ1W7yxIVvO+ZRwXKp5VYo6ywfOywo8SQfLLp9LosupBYg=="
      },
      "Semver": {
        "type": "Transitive",
        "resolved": "2.1.0",
        "contentHash": "1jUT0PwgKO9d9F/X2n762qLp7v/30OpMtJPFRtmjPXUX2/J0lnqiGiSJNNsW3yYTj5StF0Z1yE36TrvtGpcbrg=="
      },
      "Serilog.Extensions.Logging": {
        "type": "Transitive",
        "resolved": "9.0.0",
        "contentHash": "NwSSYqPJeKNzl5AuXVHpGbr6PkZJFlNa14CdIebVjK3k/76kYj/mz5kiTRNVSsSaxM8kAIa1kpy/qyT9E4npRQ==",
        "dependencies": {
          "Microsoft.Extensions.Logging": "9.0.0",
          "Serilog": "4.2.0"
        }
      },
      "Serilog.Sinks.Console": {
        "type": "Transitive",
        "resolved": "4.0.1",
        "contentHash": "apLOvSJQLlIbKlbx+Y2UDHSP05kJsV7mou+fvJoRGs/iR+jC22r8cuFVMjjfVxz/AD4B2UCltFhE1naRLXwKNw==",
        "dependencies": {
          "Serilog": "2.10.0"
        }
      },
      "Serilog.Sinks.File": {
        "type": "Transitive",
        "resolved": "6.0.0",
        "contentHash": "lxjg89Y8gJMmFxVkbZ+qDgjl+T4yC5F7WSLTvA+5q0R04tfKVLRL/EHpYoJ/MEQd2EeCKDuylBIVnAYMotmh2A==",
        "dependencies": {
          "Serilog": "4.0.0"
        }
      },
      "Spectre.Console": {
        "type": "Transitive",
        "resolved": "0.51.1",
        "contentHash": "84xNywgnaG8XgOypnZAL+EZUbhCGE0umj7fuMrSI6esdE74HYHRoeBioeMUJXPiCt7iBDKHLwiBcg0IliYIIxA=="
      },
      "System.Diagnostics.EventLog": {
        "type": "Transitive",
        "resolved": "9.0.9",
        "contentHash": "wpsUfnyv8E5K4WQaok6weewvAbQhcLwXFcHBm5U0gdEaBs85N//ssuYvRPFWwz2rO/9/DFP3A1sGMzUFBj8y3w=="
      },
      "System.Memory": {
        "type": "Transitive",
        "resolved": "4.5.3",
        "contentHash": "3oDzvc/zzetpTKWMShs1AADwZjQ/36HnsufHRPcOjyRAAMLDlu2iD33MBI2opxnezcVUtXyqDXXjoFMOU9c7SA=="
      },
      "System.Reflection.Metadata": {
        "type": "Transitive",
        "resolved": "5.0.0",
        "contentHash": "5NecZgXktdGg34rh1OenY1rFNDCI8xSjFr+Z4OU4cU06AQHUdRnIIEeWENu3Wl4YowbzkymAIMvi3WyK9U53pQ=="
      },
      "YamlDotNet": {
        "type": "Transitive",
        "resolved": "16.3.0",
        "contentHash": "SgMOdxbz8X65z8hraIs6hOEdnkH6hESTAIUa7viEngHOYaH+6q5XJmwr1+yb9vJpNQ19hCQY69xbFsLtXpobQA=="
      },
      "aws": {
        "type": "Project",
        "dependencies": {
          "IPNetwork2": "[3.4.832, )",
          "K8s": "[1.0.0, )",
          "Library": "[1.0.0, )",
          "Microsoft.Extensions.Options": "[9.0.9, )",
          "Pulumi": "[3.38.0, )",
          "Pulumi.Aws": "[5.11.0, )",
          "Pulumi.Tls": "[4.6.0, )"
        }
      },
      "k8s": {
        "type": "Project",
        "dependencies": {
          "Flurl.Http": "[4.0.2, )",
          "Library": "[1.0.0, )",
          "Microsoft.Extensions.Options": "[9.0.9, )",
          "Polly": "[8.6.4, )",
          "Pulumi": "[3.38.0, )",
          "Pulumi.Aws": "[5.11.0, )",
          "Pulumi.Kubernetes": "[3.20.5, )",
          "Pulumi.Random": "[4.8.2, )"
        }
      },
      "library": {
        "type": "Project",
        "dependencies": {
          "FluentValidation": "[11.11.0, )",
          "Microsoft.Extensions.Logging.Abstractions": "[9.0.9, )",
          "Microsoft.Extensions.Options": "[9.0.9, )",
          "Pulumi": "[3.38.0, )",
          "Pulumi.Aws": "[5.11.0, )",
          "Pulumi.Kubernetes": "[3.20.5, )",
          "Scriban": "[6.4.0, )",
          "YamlDotNet": "[16.3.0, )"
        }
      }
    }
  }
}