{
  "version": 1,
  "dependencies": {
    "net8.0": {
      "IPNetwork2": {
        "type": "Direct",
        "requested": "[3.0.667, )",
        "resolved": "3.0.667",
        "contentHash": "0GgNIm12cDtI0Kc8oaVbgSQgqQ+yJuOyf1oyJ9eQ+Xt4uQ/2ZTvoTf6KBuRxjWF7rTD+1AreUES5khMecGAuTg=="
      },
      "Microsoft.Extensions.Options": {
        "type": "Direct",
        "requested": "[8.0.2, )",
        "resolved": "8.0.2",
        "contentHash": "dWGKvhFybsaZpGmzkGCbNNwBD1rVlWzrZKANLW/CcbFJpCEceMCGzT7zZwHOGBCbwM0SzBuceMj5HN1LKV1QqA==",
        "dependencies": {
          "Microsoft.Extensions.DependencyInjection.Abstractions": "8.0.0",
          "Microsoft.Extensions.Primitives": "8.0.0"
        }
      },
      "Pulumi": {
        "type": "Direct",
        "requested": "[3.64.0, )",
        "resolved": "3.64.0",
        "contentHash": "teiAvlCQGony5T0ADmGxsVcHpiJqntlDINrsTSXbXOeDjEpVzY/4CpOSzQfaHnh1zSoGd1xsSL8I0dd8vsOHQQ==",
        "dependencies": {
          "Ben.Demystifier": "0.4.1",
          "Grpc.AspNetCore.Server": "2.37.0",
          "Grpc.AspNetCore.Server.Reflection": "2.37.0",
          "Grpc.Net.Client": "2.52.0",
          "Microsoft.Extensions.Logging.Abstractions": "3.1.16",
          "OneOf": "3.0.216",
          "Pulumi.Protobuf": "3.20.1",
          "Serilog.Extensions.Logging": "3.0.1",
          "Serilog.Sinks.Console": "4.0.1",
          "semver": "2.1.0"
        }
      },
      "Pulumi.Aws": {
        "type": "Direct",
        "requested": "[5.43.0, )",
        "resolved": "5.43.0",
        "contentHash": "sFiEickoksPIxYvzE0IOQB9+9BgYKATI+L6Jz9WcnyxYkOUmY46EsWky7kh9sDUEKqCvwrjxonxDxn4BzZ1UVg==",
        "dependencies": {
          "Pulumi": "3.59.0"
        }
      },
      "Pulumi.Tls": {
        "type": "Direct",
        "requested": "[4.11.1, )",
        "resolved": "4.11.1",
        "contentHash": "RUP0xsuJGTsbY0V50LppdsE9NGrJRQNTS4NM/kTjsY5Wc5/mooq5x5xnMru/+y7JEqs7zPiRJCdq5Vn4Yw5dqw==",
        "dependencies": {
          "Pulumi": "3.58.0"
        }
      },
      "Ben.Demystifier": {
        "type": "Transitive",
        "resolved": "0.4.1",
        "contentHash": "axFeEMfmEORy3ipAzOXG/lE+KcNptRbei3F0C4kQCdeiQtW+qJW90K5iIovITGrdLt8AjhNCwk5qLSX9/rFpoA==",
        "dependencies": {
          "System.Reflection.Metadata": "5.0.0"
        }
      },
      "FluentValidation": {
        "type": "Transitive",
        "resolved": "11.9.2",
        "contentHash": "XeHp9LvFvu1fsQ/NvDCymV02GOCB1nz7ZUhfpI3uMhCcHTkV1K5bMkv+Nc/kuNYyAsX5+5bcmUanIEMd5QN+Eg=="
      },
      "Flurl": {
        "type": "Transitive",
        "resolved": "4.0.0",
        "contentHash": "rpts69yYgvJqg6PPgqShBQEZ4aNzWQqWpWppcT0oDWxDCIsBqiod4pj6LQZdhk+1OozLFagemldMRACdHF3CsA=="
      },
      "Flurl.Http": {
        "type": "Transitive",
        "resolved": "4.0.2",
        "contentHash": "9vCqFFyceA11yplkFD8AbCFFTvG1Lrw3tpsgOpL5sLUc28p6zcvGszNleuT6nDymRvtt5eS+rqUX+bRztg1fhA==",
        "dependencies": {
          "Flurl": "4.0.0"
        }
      },
      "Glob": {
        "type": "Transitive",
        "resolved": "1.1.5",
        "contentHash": "N1kGneRrxfXn933JAIB61LCGPu+WEbr+qObpGqNNw125nQbuGusoBLe6skj7D0Zyjzhmrc2IdEx32ijYEdGdEA=="
      },
      "Google.Protobuf": {
        "type": "Transitive",
        "resolved": "3.15.5",
        "contentHash": "yAftejvqFAMAgjkCwycz5kssadl3nV78zP7AONaxjgj8XTOZX0kTAxTPiQd++OSvh4jQT5m/xd/FmGkOPzQLPA==",
        "dependencies": {
          "System.Memory": "4.5.3",
          "System.Runtime.CompilerServices.Unsafe": "4.5.2"
        }
      },
      "Grpc.AspNetCore.Server": {
        "type": "Transitive",
        "resolved": "2.37.0",
        "contentHash": "CYwIdTx3Ev83jdk0yHUugn4HOac0N5m6KwmU9r5ct4xMJQgO3uH+aVqt8HRIbl3/vg2Vy1YoAu+PDHFGc6CNMw==",
        "dependencies": {
          "Grpc.Net.Common": "2.37.0"
        }
      },
      "Grpc.AspNetCore.Server.Reflection": {
        "type": "Transitive",
        "resolved": "2.37.0",
        "contentHash": "N9n74Yu5Gwv5iDxQcN5H9lM6QGl8+TUyHMVTrJ1CcKL/PnjaaeoQ9DRrQOjbKbHuMlMYY20dmvVbnRu3aiNPFQ==",
        "dependencies": {
          "Google.Protobuf": "3.15.5",
          "Grpc.AspNetCore.Server": "2.37.0",
          "Grpc.Reflection": "2.37.0"
        }
      },
      "Grpc.Core.Api": {
        "type": "Transitive",
        "resolved": "2.52.0",
        "contentHash": "SQiPyBczG4vKPmI6Fd+O58GcxxDSFr6nfRAJuBDUNj+PgdokhjWJvZE/La1c09AkL2FVm/jrDloG89nkzmVF7A==",
        "dependencies": {
          "System.Memory": "4.5.3"
        }
      },
      "Grpc.Net.Client": {
        "type": "Transitive",
        "resolved": "2.52.0",
        "contentHash": "hWVH9g/Nnjz40ni//2S8UIOyEmhueQREoZIkD0zKHEPqLxXcNlbp4eebXIOicZtkwDSx0TFz9NpkbecEDn6rBw==",
        "dependencies": {
          "Grpc.Net.Common": "2.52.0",
          "Microsoft.Extensions.Logging.Abstractions": "3.0.3"
        }
      },
      "Grpc.Net.Common": {
        "type": "Transitive",
        "resolved": "2.52.0",
        "contentHash": "di9qzpdx525IxumZdYmu6sG2y/gXJyYeZ1ruFUzB9BJ1nj4kU1/dTAioNCMt1VLRvNVDqh8S8B1oBdKhHJ4xRg==",
        "dependencies": {
          "Grpc.Core.Api": "2.52.0"
        }
      },
      "Grpc.Reflection": {
        "type": "Transitive",
        "resolved": "2.37.0",
        "contentHash": "Z13vkGs44/2dJ573M1FTVXglXgEz26fAPRpWqncuCFOBwpK3F/AfO6HvwUKL1iWsZC/petdY7sNpJhli69SjoQ==",
        "dependencies": {
          "Google.Protobuf": "3.15.2",
          "Grpc.Core.Api": "2.37.0"
        }
      },
      "Microsoft.Extensions.DependencyInjection.Abstractions": {
        "type": "Transitive",
        "resolved": "8.0.1",
        "contentHash": "fGLiCRLMYd00JYpClraLjJTNKLmMJPnqxMaiRzEBIIvevlzxz33mXy39Lkd48hu1G+N21S7QpaO5ZzKsI6FRuA=="
      },
      "Microsoft.Extensions.Logging": {
        "type": "Transitive",
        "resolved": "2.0.0",
        "contentHash": "VP10syWV/vxYYMKgZ2eDESmUsz3gPxvBn5J6tkVN8lI4M+dF43RN8fWsEPbcAneDmZrHl3Pv23z05nmyGkJlpg==",
        "dependencies": {
          "Microsoft.Extensions.DependencyInjection.Abstractions": "2.0.0",
          "Microsoft.Extensions.Logging.Abstractions": "2.0.0",
          "Microsoft.Extensions.Options": "2.0.0"
        }
      },
      "Microsoft.Extensions.Logging.Abstractions": {
        "type": "Transitive",
        "resolved": "8.0.1",
        "contentHash": "RIFgaqoaINxkM2KTOw72dmilDmTrYA0ns2KW4lDz4gZ2+o6IQ894CzmdL3StM2oh7QQq44nCWiqKqc4qUI9Jmg==",
        "dependencies": {
          "Microsoft.Extensions.DependencyInjection.Abstractions": "8.0.1"
        }
      },
      "Microsoft.Extensions.Primitives": {
        "type": "Transitive",
        "resolved": "8.0.0",
        "contentHash": "bXJEZrW9ny8vjMF1JV253WeLhpEVzFo1lyaZu1vQ4ZxWUlVvknZ/+ftFgVheLubb4eZPSwwxBeqS1JkCOjxd8g=="
      },
      "OneOf": {
        "type": "Transitive",
        "resolved": "3.0.216",
        "contentHash": "hvSxx7O9Z50ZK/HZaqxcEiO1skihnHcsziy0cVRqSq7LrETM9swcRcMZuG+0irai7jq8FYYCHTrB/pSHSah6ug=="
      },
      "Polly": {
        "type": "Transitive",
        "resolved": "8.4.1",
        "contentHash": "kBxql53peR0bjxeEuuY114GD2rmC0tkUwE1xuKUlnd74ULEsGu3OwcLH56KkwxBPUbOysPa7stT9SJ6pKGTzlg==",
        "dependencies": {
          "Polly.Core": "8.4.1"
        }
      },
      "Polly.Core": {
        "type": "Transitive",
        "resolved": "8.4.1",
        "contentHash": "bg4kE7mFwXc6FJ8NLknTgVgLAMlbToWC7vpdqAITv8lPzKpp9v7aWJPc04GRoZQaJhVY/tdr8K2/VW2aTmaA1Q=="
      },
      "Pulumi.Kubernetes": {
        "type": "Transitive",
        "resolved": "3.30.2",
        "contentHash": "wig9WgpSEMZLgxG7wjigFp3SUmSdS6y9jFASdjcA4I+wt0qcgALgp+jl6W6BKOjC9lXiU1VSf6Wrz6lvL2fLCQ==",
        "dependencies": {
          "Glob": "1.1.5",
          "Pulumi": "3.55.1"
        }
      },
      "Pulumi.Protobuf": {
        "type": "Transitive",
        "resolved": "3.20.1",
        "contentHash": "5U/MY7jYmhAPWDicmKErhO52HzQDZMlH7cQ674xEi1BvnMNq+RpHUpzKebDFzctPR9K5xPhMWhn8K56EM/BciA=="
      },
      "Pulumi.Random": {
        "type": "Transitive",
        "resolved": "4.16.3",
        "contentHash": "FWxb3nkf3H6sSKjk17ynJN8mcnJ9cjYjqOHz/a9HZDp5N7V/QnCW7Z2Kw1U9SJHBWYrVdQx1y+R43aKM0NFccg==",
        "dependencies": {
          "Pulumi": "3.64.0"
        }
      },
      "Scriban": {
        "type": "Transitive",
        "resolved": "5.10.0",
        "contentHash": "qk2W8wQpm7mykWrEi9fhjC7uVapT2bkweMuMqebrF7gaVMt0WjmZzyVVTpom5cUsc3ddMDpo95SkNcTWGo+L6Q=="
      },
      "Semver": {
        "type": "Transitive",
        "resolved": "2.1.0",
        "contentHash": "1jUT0PwgKO9d9F/X2n762qLp7v/30OpMtJPFRtmjPXUX2/J0lnqiGiSJNNsW3yYTj5StF0Z1yE36TrvtGpcbrg=="
      },
      "Serilog": {
        "type": "Transitive",
        "resolved": "2.10.0",
        "contentHash": "+QX0hmf37a0/OZLxM3wL7V6/ADvC1XihXN4Kq/p6d8lCPfgkRdiuhbWlMaFjR9Av0dy5F0+MBeDmDdRZN/YwQA=="
      },
      "Serilog.Extensions.Logging": {
        "type": "Transitive",
        "resolved": "3.0.1",
        "contentHash": "U0xbGoZuxJRjE3C5vlCfrf9a4xHTmbrCXKmaA14cHAqiT1Qir0rkV7Xss9GpPJR3MRYH19DFUUqZ9hvWeJrzdQ==",
        "dependencies": {
          "Microsoft.Extensions.Logging": "2.0.0",
          "Serilog": "2.8.0"
        }
      },
      "Serilog.Sinks.Console": {
        "type": "Transitive",
        "resolved": "4.0.1",
        "contentHash": "apLOvSJQLlIbKlbx+Y2UDHSP05kJsV7mou+fvJoRGs/iR+jC22r8cuFVMjjfVxz/AD4B2UCltFhE1naRLXwKNw==",
        "dependencies": {
          "Serilog": "2.10.0"
        }
      },
      "System.Memory": {
        "type": "Transitive",
        "resolved": "4.5.3",
        "contentHash": "3oDzvc/zzetpTKWMShs1AADwZjQ/36HnsufHRPcOjyRAAMLDlu2iD33MBI2opxnezcVUtXyqDXXjoFMOU9c7SA=="
      },
      "System.Reflection.Metadata": {
        "type": "Transitive",
        "resolved": "5.0.0",
        "contentHash": "5NecZgXktdGg34rh1OenY1rFNDCI8xSjFr+Z4OU4cU06AQHUdRnIIEeWENu3Wl4YowbzkymAIMvi3WyK9U53pQ=="
      },
      "System.Runtime.CompilerServices.Unsafe": {
        "type": "Transitive",
        "resolved": "4.5.2",
        "contentHash": "wprSFgext8cwqymChhrBLu62LMg/1u92bU+VOwyfBimSPVFXtsNqEWC92Pf9ofzJFlk4IHmJA75EDJn1b2goAQ=="
      },
      "YamlDotNet": {
        "type": "Transitive",
        "resolved": "15.3.0",
        "contentHash": "F93japYa9YrJ59AZGhgdaUGHN7ITJ55FBBg/D/8C0BDgahv/rQD6MOSwHxOJJpon1kYyslVbeBrQ2wcJhox01w=="
      },
      "k8s": {
        "type": "Project",
        "dependencies": {
          "Flurl.Http": "[4.0.2, )",
          "Library": "[1.0.0, )",
          "Microsoft.Extensions.Options": "[8.0.2, )",
          "Polly": "[8.4.1, )",
          "Pulumi": "[3.64.0, )",
          "Pulumi.Aws": "[5.43.0, )",
          "Pulumi.Kubernetes": "[3.30.2, )",
          "Pulumi.Random": "[4.16.3, )"
        }
      },
      "library": {
        "type": "Project",
        "dependencies": {
          "FluentValidation": "[11.9.2, )",
          "Microsoft.Extensions.Logging.Abstractions": "[8.0.1, )",
          "Microsoft.Extensions.Options": "[8.0.2, )",
          "Pulumi": "[3.64.0, )",
          "Pulumi.Aws": "[5.43.0, )",
          "Pulumi.Kubernetes": "[3.30.2, )",
          "Scriban": "[5.10.0, )",
          "YamlDotNet": "[15.3.0, )"
        }
      }
    }
  }
}